
Microsoft Visual Studio Solution File, Format Version 10.00
# Visual Studio 2008
Project("{8BC9CEB8-8B4A-11D0-8D11-00A0C91BC942}") = "libxml2", "libxml2\libxml2.vcproj", "{18397431-727F-4081-A7E0-A41C2019435E}"
EndProject
Project("{8BC9CEB8-8B4A-11D0-8D11-00A0C91BC942}") = "libxml2-static", "libxml2-static\libxml2-static.vcproj", "{D04AEFF9-434D-482C-B900-040CC65833FF}"
EndProject
Project("{8BC9CEB8-8B4A-11D0-8D11-00A0C91BC942}") = "libxml2-static-for-dll", "libxml2-static-for-dll\libxml2-static-for-dll.vcproj", "{8A8D78A8-B79C-49C3-8BB4-F98A034A7950}"
EndProject
Project("{2150E333-8FDC-42A3-9474-1A3956D46DE8}") = "tests", "tests", "{2852A29E-A52C-45B0-ADAB-D71F72BC7747}"
EndProject
Project("{8BC9CEB8-8B4A-11D0-8D11-00A0C91BC942}") = "runsuite", "tests\runsuite\runsuite.vcproj", "{58998B68-394A-43A9-8709-878B75187283}"
	ProjectSection(ProjectDependencies) = postProject
		{18397431-727F-4081-A7E0-A41C2019435E} = {18397431-727F-4081-A7E0-A41C2019435E}
	EndProjectSection
EndProject
Project("{8BC9CEB8-8B4A-11D0-8D11-00A0C91BC942}") = "runtest", "tests\runtest\runtest.vcproj", "{FA8878FA-F1AD-4872-845C-BF789180AFFE}"
	ProjectSection(ProjectDependencies) = postProject
		{18397431-727F-4081-A7E0-A41C2019435E} = {18397431-727F-4081-A7E0-A41C2019435E}
	EndProjectSection
EndProject
Project("{8BC9CEB8-8B4A-11D0-8D11-00A0C91BC942}") = "testapi", "tests\testapi\testapi.vcproj", "{D3F2DE32-0AB1-4FC8-8E67-CDF9DA39885A}"
	ProjectSection(ProjectDependencies) = postProject
		{18397431-727F-4081-A7E0-A41C2019435E} = {18397431-727F-4081-A7E0-A41C2019435E}
	EndProjectSection
EndProject
Project("{8BC9CEB8-8B4A-11D0-8D11-00A0C91BC942}") = "testlimits", "tests\testlimits\testlimits.vcproj", "{91B1AF11-53C0-4563-9BFE-47D3DD93D440}"
	ProjectSection(ProjectDependencies) = postProject
		{18397431-727F-4081-A7E0-A41C2019435E} = {18397431-727F-4081-A7E0-A41C2019435E}
	EndProjectSection
EndProject
Project("{8BC9CEB8-8B4A-11D0-8D11-00A0C91BC942}") = "testModule", "tests\testModule\testModule.vcproj", "{A4C385A6-02AF-426B-809B-27EB590CA50A}"
	ProjectSection(ProjectDependencies) = postProject
		{18397431-727F-4081-A7E0-A41C2019435E} = {18397431-727F-4081-A7E0-A41C2019435E}
	EndProjectSection
EndProject
Project("{8BC9CEB8-8B4A-11D0-8D11-00A0C91BC942}") = "testrecurse", "tests\testrecurse\testrecurse.vcproj", "{4578AC21-FED4-404F-9E08-8CE87FA08431}"
	ProjectSection(ProjectDependencies) = postProject
		{18397431-727F-4081-A7E0-A41C2019435E} = {18397431-727F-4081-A7E0-A41C2019435E}
	EndProjectSection
EndProject
Project("{8BC9CEB8-8B4A-11D0-8D11-00A0C91BC942}") = "xmlcatalog", "tests\xmlcatalog\xmlcatalog.vcproj", "{2D3869BA-DB71-4696-AE1C-1E3B2D7E0DC7}"
	ProjectSection(ProjectDependencies) = postProject
		{18397431-727F-4081-A7E0-A41C2019435E} = {18397431-727F-4081-A7E0-A41C2019435E}
	EndProjectSection
EndProject
Project("{8BC9CEB8-8B4A-11D0-8D11-00A0C91BC942}") = "xmllint", "tests\xmllint\xmllint.vcproj", "{D57C5A5C-54DB-4CBB-93D2-B9022751CC2A}"
	ProjectSection(ProjectDependencies) = postProject
		{18397431-727F-4081-A7E0-A41C2019435E} = {18397431-727F-4081-A7E0-A41C2019435E}
	EndProjectSection
EndProject
Project("{8BC9CEB8-8B4A-11D0-8D11-00A0C91BC942}") = "testchar", "tests\testchar\testchar.vcproj", "{AE1EF3EC-1482-467D-B376-62B88A0CC013}"
	ProjectSection(ProjectDependencies) = postProject
		{18397431-727F-4081-A7E0-A41C2019435E} = {18397431-727F-4081-A7E0-A41C2019435E}
	EndProjectSection
EndProject
Project("{8BC9CEB8-8B4A-11D0-8D11-00A0C91BC942}") = "testdict", "tests\testdict\testdict.vcproj", "{153B379D-3718-4A9A-BAE7-BB16BE5F57E2}"
	ProjectSection(ProjectDependencies) = postProject
		{18397431-727F-4081-A7E0-A41C2019435E} = {18397431-727F-4081-A7E0-A41C2019435E}
	EndProjectSection
EndProject
Project("{8BC9CEB8-8B4A-11D0-8D11-00A0C91BC942}") = "runxmlconf", "tests\runxmlconf\runxmlconf.vcproj", "{55466E56-BC11-4D4F-B95B-E743A06110B9}"
	ProjectSection(ProjectDependencies) = postProject
		{18397431-727F-4081-A7E0-A41C2019435E} = {18397431-727F-4081-A7E0-A41C2019435E}
	EndProjectSection
EndProject
Project("{8BC9CEB8-8B4A-11D0-8D11-00A0C91BC942}") = "xmlcatalog-static", "tests\xmlcatalog-static\xmlcatalog-static.vcproj", "{D04A273D-5CC0-4230-AB2F-11345CF0E971}"
	ProjectSection(ProjectDependencies) = postProject
		{D04AEFF9-434D-482C-B900-040CC65833FF} = {D04AEFF9-434D-482C-B900-040CC65833FF}
	EndProjectSection
EndProject
Project("{8BC9CEB8-8B4A-11D0-8D11-00A0C91BC942}") = "xmllint-static", "tests\xmllint-static\xmllint-static.vcproj", "{F4ACFCBF-3CCF-471E-BD54-3BECF8E39A46}"
	ProjectSection(ProjectDependencies) = postProject
		{D04AEFF9-434D-482C-B900-040CC65833FF} = {D04AEFF9-434D-482C-B900-040CC65833FF}
	EndProjectSection
EndProject
Project("{8BC9CEB8-8B4A-11D0-8D11-00A0C91BC942}") = "testdso", "tests\testdso\testdso.vcproj", "{74B1EC20-670B-45BF-9683-EE0D40C661DD}"
	ProjectSection(ProjectDependencies) = postProject
		{18397431-727F-4081-A7E0-A41C2019435E} = {18397431-727F-4081-A7E0-A41C2019435E}
	EndProjectSection
EndProject
Project("{8BC9CEB8-8B4A-11D0-8D11-00A0C91BC942}") = "testparser", "tests\testparser\testparser.vcproj", "{58FA4B95-40F0-449B-AA85-57EBEEA933A8}"
	ProjectSection(ProjectDependencies) = postProject
		{18397431-727F-4081-A7E0-A41C2019435E} = {18397431-727F-4081-A7E0-A41C2019435E}
	EndProjectSection
EndProject
Global
	GlobalSection(SolutionConfigurationPlatforms) = preSolution
		Debug|Win32 = Debug|Win32
		Debug|x64 = Debug|x64
		Release|Win32 = Release|Win32
		Release|x64 = Release|x64
	EndGlobalSection
	GlobalSection(ProjectConfigurationPlatforms) = postSolution
		{18397431-727F-4081-A7E0-A41C2019435E}.Debug|Win32.ActiveCfg = Debug|Win32
		{18397431-727F-4081-A7E0-A41C2019435E}.Debug|Win32.Build.0 = Debug|Win32
		{18397431-727F-4081-A7E0-A41C2019435E}.Debug|x64.ActiveCfg = Debug|x64
		{18397431-727F-4081-A7E0-A41C2019435E}.Debug|x64.Build.0 = Debug|x64
		{18397431-727F-4081-A7E0-A41C2019435E}.Release|Win32.ActiveCfg = Release|Win32
		{18397431-727F-4081-A7E0-A41C2019435E}.Release|Win32.Build.0 = Release|Win32
		{18397431-727F-4081-A7E0-A41C2019435E}.Release|x64.ActiveCfg = Release|x64
		{18397431-727F-4081-A7E0-A41C2019435E}.Release|x64.Build.0 = Release|x64
		{D04AEFF9-434D-482C-B900-040CC65833FF}.Debug|Win32.ActiveCfg = Debug|Win32
		{D04AEFF9-434D-482C-B900-040CC65833FF}.Debug|Win32.Build.0 = Debug|Win32
		{D04AEFF9-434D-482C-B900-040CC65833FF}.Debug|x64.ActiveCfg = Debug|x64
		{D04AEFF9-434D-482C-B900-040CC65833FF}.Debug|x64.Build.0 = Debug|x64
		{D04AEFF9-434D-482C-B900-040CC65833FF}.Release|Win32.ActiveCfg = Release|Win32
		{D04AEFF9-434D-482C-B900-040CC65833FF}.Release|Win32.Build.0 = Release|Win32
		{D04AEFF9-434D-482C-B900-040CC65833FF}.Release|x64.ActiveCfg = Release|x64
		{D04AEFF9-434D-482C-B900-040CC65833FF}.Release|x64.Build.0 = Release|x64
		{8A8D78A8-B79C-49C3-8BB4-F98A034A7950}.Debug|Win32.ActiveCfg = Debug|Win32
		{8A8D78A8-B79C-49C3-8BB4-F98A034A7950}.Debug|Win32.Build.0 = Debug|Win32
		{8A8D78A8-B79C-49C3-8BB4-F98A034A7950}.Debug|x64.ActiveCfg = Debug|x64
		{8A8D78A8-B79C-49C3-8BB4-F98A034A7950}.Debug|x64.Build.0 = Debug|x64
		{8A8D78A8-B79C-49C3-8BB4-F98A034A7950}.Release|Win32.ActiveCfg = Release|Win32
		{8A8D78A8-B79C-49C3-8BB4-F98A034A7950}.Release|Win32.Build.0 = Release|Win32
		{8A8D78A8-B79C-49C3-8BB4-F98A034A7950}.Release|x64.ActiveCfg = Release|x64
		{8A8D78A8-B79C-49C3-8BB4-F98A034A7950}.Release|x64.Build.0 = Release|x64
		{58998B68-394A-43A9-8709-878B75187283}.Debug|Win32.ActiveCfg = Debug|Win32
		{58998B68-394A-43A9-8709-878B75187283}.Debug|Win32.Build.0 = Debug|Win32
		{58998B68-394A-43A9-8709-878B75187283}.Debug|x64.ActiveCfg = Debug|x64
		{58998B68-394A-43A9-8709-878B75187283}.Debug|x64.Build.0 = Debug|x64
		{58998B68-394A-43A9-8709-878B75187283}.Release|Win32.ActiveCfg = Release|Win32
		{58998B68-394A-43A9-8709-878B75187283}.Release|Win32.Build.0 = Release|Win32
		{58998B68-394A-43A9-8709-878B75187283}.Release|x64.ActiveCfg = Release|x64
		{58998B68-394A-43A9-8709-878B75187283}.Release|x64.Build.0 = Release|x64
		{FA8878FA-F1AD-4872-845C-BF789180AFFE}.Debug|Win32.ActiveCfg = Debug|Win32
		{FA8878FA-F1AD-4872-845C-BF789180AFFE}.Debug|Win32.Build.0 = Debug|Win32
		{FA8878FA-F1AD-4872-845C-BF789180AFFE}.Debug|x64.ActiveCfg = Debug|x64
		{FA8878FA-F1AD-4872-845C-BF789180AFFE}.Debug|x64.Build.0 = Debug|x64
		{FA8878FA-F1AD-4872-845C-BF789180AFFE}.Release|Win32.ActiveCfg = Release|Win32
		{FA8878FA-F1AD-4872-845C-BF789180AFFE}.Release|Win32.Build.0 = Release|Win32
		{FA8878FA-F1AD-4872-845C-BF789180AFFE}.Release|x64.ActiveCfg = Release|x64
		{FA8878FA-F1AD-4872-845C-BF789180AFFE}.Release|x64.Build.0 = Release|x64
		{D3F2DE32-0AB1-4FC8-8E67-CDF9DA39885A}.Debug|Win32.ActiveCfg = Debug|Win32
		{D3F2DE32-0AB1-4FC8-8E67-CDF9DA39885A}.Debug|Win32.Build.0 = Debug|Win32
		{D3F2DE32-0AB1-4FC8-8E67-CDF9DA39885A}.Debug|x64.ActiveCfg = Debug|x64
		{D3F2DE32-0AB1-4FC8-8E67-CDF9DA39885A}.Debug|x64.Build.0 = Debug|x64
		{D3F2DE32-0AB1-4FC8-8E67-CDF9DA39885A}.Release|Win32.ActiveCfg = Release|Win32
		{D3F2DE32-0AB1-4FC8-8E67-CDF9DA39885A}.Release|Win32.Build.0 = Release|Win32
		{D3F2DE32-0AB1-4FC8-8E67-CDF9DA39885A}.Release|x64.ActiveCfg = Release|x64
		{D3F2DE32-0AB1-4FC8-8E67-CDF9DA39885A}.Release|x64.Build.0 = Release|x64
		{91B1AF11-53C0-4563-9BFE-47D3DD93D440}.Debug|Win32.ActiveCfg = Debug|Win32
		{91B1AF11-53C0-4563-9BFE-47D3DD93D440}.Debug|Win32.Build.0 = Debug|Win32
		{91B1AF11-53C0-4563-9BFE-47D3DD93D440}.Debug|x64.ActiveCfg = Debug|x64
		{91B1AF11-53C0-4563-9BFE-47D3DD93D440}.Debug|x64.Build.0 = Debug|x64
		{91B1AF11-53C0-4563-9BFE-47D3DD93D440}.Release|Win32.ActiveCfg = Release|Win32
		{91B1AF11-53C0-4563-9BFE-47D3DD93D440}.Release|Win32.Build.0 = Release|Win32
		{91B1AF11-53C0-4563-9BFE-47D3DD93D440}.Release|x64.ActiveCfg = Release|x64
		{91B1AF11-53C0-4563-9BFE-47D3DD93D440}.Release|x64.Build.0 = Release|x64
		{A4C385A6-02AF-426B-809B-27EB590CA50A}.Debug|Win32.ActiveCfg = Debug|Win32
		{A4C385A6-02AF-426B-809B-27EB590CA50A}.Debug|Win32.Build.0 = Debug|Win32
		{A4C385A6-02AF-426B-809B-27EB590CA50A}.Debug|x64.ActiveCfg = Debug|x64
		{A4C385A6-02AF-426B-809B-27EB590CA50A}.Debug|x64.Build.0 = Debug|x64
		{A4C385A6-02AF-426B-809B-27EB590CA50A}.Release|Win32.ActiveCfg = Release|Win32
		{A4C385A6-02AF-426B-809B-27EB590CA50A}.Release|Win32.Build.0 = Release|Win32
		{A4C385A6-02AF-426B-809B-27EB590CA50A}.Release|x64.ActiveCfg = Release|x64
		{A4C385A6-02AF-426B-809B-27EB590CA50A}.Release|x64.Build.0 = Release|x64
		{4578AC21-FED4-404F-9E08-8CE87FA08431}.Debug|Win32.ActiveCfg = Debug|Win32
		{4578AC21-FED4-404F-9E08-8CE87FA08431}.Debug|Win32.Build.0 = Debug|Win32
		{4578AC21-FED4-404F-9E08-8CE87FA08431}.Debug|x64.ActiveCfg = Debug|x64
		{4578AC21-FED4-404F-9E08-8CE87FA08431}.Debug|x64.Build.0 = Debug|x64
		{4578AC21-FED4-404F-9E08-8CE87FA08431}.Release|Win32.ActiveCfg = Release|Win32
		{4578AC21-FED4-404F-9E08-8CE87FA08431}.Release|Win32.Build.0 = Release|Win32
		{4578AC21-FED4-404F-9E08-8CE87FA08431}.Release|x64.ActiveCfg = Release|x64
		{4578AC21-FED4-404F-9E08-8CE87FA08431}.Release|x64.Build.0 = Release|x64
		{2D3869BA-DB71-4696-AE1C-1E3B2D7E0DC7}.Debug|Win32.ActiveCfg = Debug|Win32
		{2D3869BA-DB71-4696-AE1C-1E3B2D7E0DC7}.Debug|Win32.Build.0 = Debug|Win32
		{2D3869BA-DB71-4696-AE1C-1E3B2D7E0DC7}.Debug|x64.ActiveCfg = Debug|x64
		{2D3869BA-DB71-4696-AE1C-1E3B2D7E0DC7}.Debug|x64.Build.0 = Debug|x64
		{2D3869BA-DB71-4696-AE1C-1E3B2D7E0DC7}.Release|Win32.ActiveCfg = Release|Win32
		{2D3869BA-DB71-4696-AE1C-1E3B2D7E0DC7}.Release|Win32.Build.0 = Release|Win32
		{2D3869BA-DB71-4696-AE1C-1E3B2D7E0DC7}.Release|x64.ActiveCfg = Release|x64
		{2D3869BA-DB71-4696-AE1C-1E3B2D7E0DC7}.Release|x64.Build.0 = Release|x64
		{D57C5A5C-54DB-4CBB-93D2-B9022751CC2A}.Debug|Win32.ActiveCfg = Debug|Win32
		{D57C5A5C-54DB-4CBB-93D2-B9022751CC2A}.Debug|Win32.Build.0 = Debug|Win32
		{D57C5A5C-54DB-4CBB-93D2-B9022751CC2A}.Debug|x64.ActiveCfg = Debug|x64
		{D57C5A5C-54DB-4CBB-93D2-B9022751CC2A}.Debug|x64.Build.0 = Debug|x64
		{D57C5A5C-54DB-4CBB-93D2-B9022751CC2A}.Release|Win32.ActiveCfg = Release|Win32
		{D57C5A5C-54DB-4CBB-93D2-B9022751CC2A}.Release|Win32.Build.0 = Release|Win32
		{D57C5A5C-54DB-4CBB-93D2-B9022751CC2A}.Release|x64.ActiveCfg = Release|x64
		{D57C5A5C-54DB-4CBB-93D2-B9022751CC2A}.Release|x64.Build.0 = Release|x64
		{AE1EF3EC-1482-467D-B376-62B88A0CC013}.Debug|Win32.ActiveCfg = Debug|Win32
		{AE1EF3EC-1482-467D-B376-62B88A0CC013}.Debug|Win32.Build.0 = Debug|Win32
		{AE1EF3EC-1482-467D-B376-62B88A0CC013}.Debug|x64.ActiveCfg = Debug|x64
		{AE1EF3EC-1482-467D-B376-62B88A0CC013}.Debug|x64.Build.0 = Debug|x64
		{AE1EF3EC-1482-467D-B376-62B88A0CC013}.Release|Win32.ActiveCfg = Release|Win32
		{AE1EF3EC-1482-467D-B376-62B88A0CC013}.Release|Win32.Build.0 = Release|Win32
		{AE1EF3EC-1482-467D-B376-62B88A0CC013}.Release|x64.ActiveCfg = Release|x64
		{AE1EF3EC-1482-467D-B376-62B88A0CC013}.Release|x64.Build.0 = Release|x64
		{153B379D-3718-4A9A-BAE7-BB16BE5F57E2}.Debug|Win32.ActiveCfg = Debug|Win32
		{153B379D-3718-4A9A-BAE7-BB16BE5F57E2}.Debug|Win32.Build.0 = Debug|Win32
		{153B379D-3718-4A9A-BAE7-BB16BE5F57E2}.Debug|x64.ActiveCfg = Debug|x64
		{153B379D-3718-4A9A-BAE7-BB16BE5F57E2}.Debug|x64.Build.0 = Debug|x64
		{153B379D-3718-4A9A-BAE7-BB16BE5F57E2}.Release|Win32.ActiveCfg = Release|Win32
		{153B379D-3718-4A9A-BAE7-BB16BE5F57E2}.Release|Win32.Build.0 = Release|Win32
		{153B379D-3718-4A9A-BAE7-BB16BE5F57E2}.Release|x64.ActiveCfg = Release|x64
		{153B379D-3718-4A9A-BAE7-BB16BE5F57E2}.Release|x64.Build.0 = Release|x64
		{55466E56-BC11-4D4F-B95B-E743A06110B9}.Debug|Win32.ActiveCfg = Debug|Win32
		{55466E56-BC11-4D4F-B95B-E743A06110B9}.Debug|Win32.Build.0 = Debug|Win32
		{55466E56-BC11-4D4F-B95B-E743A06110B9}.Debug|x64.ActiveCfg = Debug|x64
		{55466E56-BC11-4D4F-B95B-E743A06110B9}.Debug|x64.Build.0 = Debug|x64
		{55466E56-BC11-4D4F-B95B-E743A06110B9}.Release|Win32.ActiveCfg = Release|Win32
		{55466E56-BC11-4D4F-B95B-E743A06110B9}.Release|Win32.Build.0 = Release|Win32
		{55466E56-BC11-4D4F-B95B-E743A06110B9}.Release|x64.ActiveCfg = Release|x64
		{55466E56-BC11-4D4F-B95B-E743A06110B9}.Release|x64.Build.0 = Release|x64
		{D04A273D-5CC0-4230-AB2F-11345CF0E971}.Debug|Win32.ActiveCfg = Debug|Win32
		{D04A273D-5CC0-4230-AB2F-11345CF0E971}.Debug|Win32.Build.0 = Debug|Win32
		{D04A273D-5CC0-4230-AB2F-11345CF0E971}.Debug|x64.ActiveCfg = Debug|x64
		{D04A273D-5CC0-4230-AB2F-11345CF0E971}.Debug|x64.Build.0 = Debug|x64
		{D04A273D-5CC0-4230-AB2F-11345CF0E971}.Release|Win32.ActiveCfg = Release|Win32
		{D04A273D-5CC0-4230-AB2F-11345CF0E971}.Release|Win32.Build.0 = Release|Win32
		{D04A273D-5CC0-4230-AB2F-11345CF0E971}.Release|x64.ActiveCfg = Release|x64
		{D04A273D-5CC0-4230-AB2F-11345CF0E971}.Release|x64.Build.0 = Release|x64
		{F4ACFCBF-3CCF-471E-BD54-3BECF8E39A46}.Debug|Win32.ActiveCfg = Debug|Win32
		{F4ACFCBF-3CCF-471E-BD54-3BECF8E39A46}.Debug|Win32.Build.0 = Debug|Win32
		{F4ACFCBF-3CCF-471E-BD54-3BECF8E39A46}.Debug|x64.ActiveCfg = Debug|x64
		{F4ACFCBF-3CCF-471E-BD54-3BECF8E39A46}.Debug|x64.Build.0 = Debug|x64
		{F4ACFCBF-3CCF-471E-BD54-3BECF8E39A46}.Release|Win32.ActiveCfg = Release|Win32
		{F4ACFCBF-3CCF-471E-BD54-3BECF8E39A46}.Release|Win32.Build.0 = Release|Win32
		{F4ACFCBF-3CCF-471E-BD54-3BECF8E39A46}.Release|x64.ActiveCfg = Release|x64
		{F4ACFCBF-3CCF-471E-BD54-3BECF8E39A46}.Release|x64.Build.0 = Release|x64
		{74B1EC20-670B-45BF-9683-EE0D40C661DD}.Debug|Win32.ActiveCfg = Debug|Win32
		{74B1EC20-670B-45BF-9683-EE0D40C661DD}.Debug|Win32.Build.0 = Debug|Win32
		{74B1EC20-670B-45BF-9683-EE0D40C661DD}.Debug|x64.ActiveCfg = Debug|x64
		{74B1EC20-670B-45BF-9683-EE0D40C661DD}.Debug|x64.Build.0 = Debug|x64
		{74B1EC20-670B-45BF-9683-EE0D40C661DD}.Release|Win32.ActiveCfg = Release|Win32
		{74B1EC20-670B-45BF-9683-EE0D40C661DD}.Release|Win32.Build.0 = Release|Win32
		{74B1EC20-670B-45BF-9683-EE0D40C661DD}.Release|x64.ActiveCfg = Release|x64
		{74B1EC20-670B-45BF-9683-EE0D40C661DD}.Release|x64.Build.0 = Release|x64
		{58FA4B95-40F0-449B-AA85-57EBEEA933A8}.Debug|Win32.ActiveCfg = Debug|Win32
		{58FA4B95-40F0-449B-AA85-57EBEEA933A8}.Debug|Win32.Build.0 = Debug|Win32
		{58FA4B95-40F0-449B-AA85-57EBEEA933A8}.Debug|x64.ActiveCfg = Debug|x64
		{58FA4B95-40F0-449B-AA85-57EBEEA933A8}.Debug|x64.Build.0 = Debug|x64
		{58FA4B95-40F0-449B-AA85-57EBEEA933A8}.Release|Win32.ActiveCfg = Release|Win32
		{58FA4B95-40F0-449B-AA85-57EBEEA933A8}.Release|Win32.Build.0 = Release|Win32
		{58FA4B95-40F0-449B-AA85-57EBEEA933A8}.Release|x64.ActiveCfg = Release|x64
		{58FA4B95-40F0-449B-AA85-57EBEEA933A8}.Release|x64.Build.0 = Release|x64
	EndGlobalSection
	GlobalSection(SolutionProperties) = preSolution
		HideSolutionNode = FALSE
	EndGlobalSection
	GlobalSection(NestedProjects) = preSolution
		{58998B68-394A-43A9-8709-878B75187283} = {2852A29E-A52C-45B0-ADAB-D71F72BC7747}
		{FA8878FA-F1AD-4872-845C-BF789180AFFE} = {2852A29E-A52C-45B0-ADAB-D71F72BC7747}
		{D3F2DE32-0AB1-4FC8-8E67-CDF9DA39885A} = {2852A29E-A52C-45B0-ADAB-D71F72BC7747}
		{91B1AF11-53C0-4563-9BFE-47D3DD93D440} = {2852A29E-A52C-45B0-ADAB-D71F72BC7747}
		{A4C385A6-02AF-426B-809B-27EB590CA50A} = {2852A29E-A52C-45B0-ADAB-D71F72BC7747}
		{4578AC21-FED4-404F-9E08-8CE87FA08431} = {2852A29E-A52C-45B0-ADAB-D71F72BC7747}
		{2D3869BA-DB71-4696-AE1C-1E3B2D7E0DC7} = {2852A29E-A52C-45B0-ADAB-D71F72BC7747}
		{D57C5A5C-54DB-4CBB-93D2-B9022751CC2A} = {2852A29E-A52C-45B0-ADAB-D71F72BC7747}
		{AE1EF3EC-1482-467D-B376-62B88A0CC013} = {2852A29E-A52C-45B0-ADAB-D71F72BC7747}
		{153B379D-3718-4A9A-BAE7-BB16BE5F57E2} = {2852A29E-A52C-45B0-ADAB-D71F72BC7747}
		{55466E56-BC11-4D4F-B95B-E743A06110B9} = {2852A29E-A52C-45B0-ADAB-D71F72BC7747}
		{D04A273D-5CC0-4230-AB2F-11345CF0E971} = {2852A29E-A52C-45B0-ADAB-D71F72BC7747}
		{F4ACFCBF-3CCF-471E-BD54-3BECF8E39A46} = {2852A29E-A52C-45B0-ADAB-D71F72BC7747}
		{74B1EC20-670B-45BF-9683-EE0D40C661DD} = {2852A29E-A52C-45B0-ADAB-D71F72BC7747}
		{58FA4B95-40F0-449B-AA85-57EBEEA933A8} = {2852A29E-A52C-45B0-ADAB-D71F72BC7747}
	EndGlobalSection
EndGlobal
