
Microsoft Visual Studio Solution File, Format Version 10.00
# Visual Studio 2008
Project("{8BC9CEB8-8B4A-11D0-8D11-00A0C91BC942}") = "libxml2", "libxml2\libxml2.vcproj", "{18397431-727F-4081-A7E0-A41C2019435E}"
EndProject
Project("{8BC9CEB8-8B4A-11D0-8D11-00A0C91BC942}") = "libxml2-static", "libxml2-static\libxml2-static.vcproj", "{D04AEFF9-434D-482C-B900-040CC65833FF}"
EndProject
Project("{8BC9CEB8-8B4A-11D0-8D11-00A0C91BC942}") = "libxml2-static-for-dll", "libxml2-static-for-dll\libxml2-static-for-dll.vcproj", "{8A8D78A8-B79C-49C3-8BB4-F98A034A7950}"
EndProject
Project("{2150E333-8FDC-42A3-9474-1A3956D46DE8}") = "tests", "tests", "{2852A29E-A52C-45B0-ADAB-D71F72BC7747}"
EndProject
Project("{8BC9CEB8-8B4A-11D0-8D11-00A0C91BC942}") = "runsuite", "tests\runsuite\runsuite.vcproj", "{58998B68-394A-43A9-8709-878B75187283}"
	ProjectSection(ProjectDependencies) = postProject
		{18397431-727F-4081-A7E0-A41C2019435E} = {18397431-727F-4081-A7E0-A41C2019435E}
	EndProjectSection
EndProject
Project("{8BC9CEB8-8B4A-11D0-8D11-00A0C91BC942}") = "runtest", "tests\runtest\runtest.vcproj", "{FA8878FA-F1AD-4872-845C-BF789180AFFE}"
	ProjectSection(ProjectDependencies) = postProject
		{18397431-727F-4081-A7E0-A41C2019435E} = {18397431-727F-4081-A7E0-A41C2019435E}
	EndProjectSection
EndProject
Project("{8BC9CEB8-8B4A-11D0-8D11-00A0C91BC942}") = "testapi", "tests\testapi\testapi.vcproj", "{D3F2DE32-0AB1-4FC8-8E67-CDF9DA39885A}"
	ProjectSection(ProjectDependencies) = postProject
		{18397431-727F-4081-A7E0-A41C2019435E} = {18397431-727F-4081-A7E0-A41C2019435E}
	EndProjectSection
EndProject
Project("{8BC9CEB8-8B4A-11D0-8D11-00A0C91BC942}") = "testAutomata", "tests\testAutomata\testAutomata.vcproj", "{08BF3998-F96C-411E-9BA8-1485060B97BC}"
	ProjectSection(ProjectDependencies) = postProject
		{18397431-727F-4081-A7E0-A41C2019435E} = {18397431-727F-4081-A7E0-A41C2019435E}
	EndProjectSection
EndProject
Project("{8BC9CEB8-8B4A-11D0-8D11-00A0C91BC942}") = "testC14N", "tests\testC14N\testC14N.vcproj", "{38EF7E8C-924C-41F6-9BA6-B1783BA273C0}"
	ProjectSection(ProjectDependencies) = postProject
		{18397431-727F-4081-A7E0-A41C2019435E} = {18397431-727F-4081-A7E0-A41C2019435E}
	EndProjectSection
EndProject
Project("{8BC9CEB8-8B4A-11D0-8D11-00A0C91BC942}") = "testHTML", "tests\testHTML\testHTML.vcproj", "{0D388C2A-BCC1-4D18-AACE-2ED2979C2657}"
	ProjectSection(ProjectDependencies) = postProject
		{18397431-727F-4081-A7E0-A41C2019435E} = {18397431-727F-4081-A7E0-A41C2019435E}
	EndProjectSection
EndProject
Project("{8BC9CEB8-8B4A-11D0-8D11-00A0C91BC942}") = "testlimits", "tests\testlimits\testlimits.vcproj", "{91B1AF11-53C0-4563-9BFE-47D3DD93D440}"
	ProjectSection(ProjectDependencies) = postProject
		{18397431-727F-4081-A7E0-A41C2019435E} = {18397431-727F-4081-A7E0-A41C2019435E}
	EndProjectSection
EndProject
Project("{8BC9CEB8-8B4A-11D0-8D11-00A0C91BC942}") = "testModule", "tests\testModule\testModule.vcproj", "{A4C385A6-02AF-426B-809B-27EB590CA50A}"
	ProjectSection(ProjectDependencies) = postProject
		{18397431-727F-4081-A7E0-A41C2019435E} = {18397431-727F-4081-A7E0-A41C2019435E}
	EndProjectSection
EndProject
Project("{8BC9CEB8-8B4A-11D0-8D11-00A0C91BC942}") = "testReader", "tests\testReader\testReader.vcproj", "{3AF32F2B-6541-4738-B780-A5D4141719B5}"
	ProjectSection(ProjectDependencies) = postProject
		{18397431-727F-4081-A7E0-A41C2019435E} = {18397431-727F-4081-A7E0-A41C2019435E}
	EndProjectSection
EndProject
Project("{8BC9CEB8-8B4A-11D0-8D11-00A0C91BC942}") = "testrecurse", "tests\testrecurse\testrecurse.vcproj", "{4578AC21-FED4-404F-9E08-8CE87FA08431}"
	ProjectSection(ProjectDependencies) = postProject
		{18397431-727F-4081-A7E0-A41C2019435E} = {18397431-727F-4081-A7E0-A41C2019435E}
	EndProjectSection
EndProject
Project("{8BC9CEB8-8B4A-11D0-8D11-00A0C91BC942}") = "testRegexp", "tests\testRegexp\testRegexp.vcproj", "{B31A6462-7B14-4E0C-B69B-DA97E60FA7AC}"
	ProjectSection(ProjectDependencies) = postProject
		{18397431-727F-4081-A7E0-A41C2019435E} = {18397431-727F-4081-A7E0-A41C2019435E}
	EndProjectSection
EndProject
Project("{8BC9CEB8-8B4A-11D0-8D11-00A0C91BC942}") = "testRelax", "tests\testRelax\testRelax.vcproj", "{3B7474B0-7D59-493B-8041-4CD07474CF7C}"
	ProjectSection(ProjectDependencies) = postProject
		{18397431-727F-4081-A7E0-A41C2019435E} = {18397431-727F-4081-A7E0-A41C2019435E}
	EndProjectSection
EndProject
Project("{8BC9CEB8-8B4A-11D0-8D11-00A0C91BC942}") = "testSAX", "tests\testSAX\testSAX.vcproj", "{63C845DB-D49F-41F9-B9AA-40B44CD0BE14}"
	ProjectSection(ProjectDependencies) = postProject
		{18397431-727F-4081-A7E0-A41C2019435E} = {18397431-727F-4081-A7E0-A41C2019435E}
	EndProjectSection
EndProject
Project("{8BC9CEB8-8B4A-11D0-8D11-00A0C91BC942}") = "testSchemas", "tests\testSchemas\testSchemas.vcproj", "{1532E4C8-B80F-4906-AFBA-67D045866C0F}"
	ProjectSection(ProjectDependencies) = postProject
		{18397431-727F-4081-A7E0-A41C2019435E} = {18397431-727F-4081-A7E0-A41C2019435E}
	EndProjectSection
EndProject
Project("{8BC9CEB8-8B4A-11D0-8D11-00A0C91BC942}") = "testThreadsWin32", "tests\testThreadsWin32\testThreadsWin32.vcproj", "{A1FDF23B-F8C0-407D-B9ED-933C5ACD5043}"
	ProjectSection(ProjectDependencies) = postProject
		{18397431-727F-4081-A7E0-A41C2019435E} = {18397431-727F-4081-A7E0-A41C2019435E}
	EndProjectSection
EndProject
Project("{8BC9CEB8-8B4A-11D0-8D11-00A0C91BC942}") = "testURI", "tests\testURI\testURI.vcproj", "{FFD0492B-E2BA-486B-A712-5E57AF0E751E}"
	ProjectSection(ProjectDependencies) = postProject
		{18397431-727F-4081-A7E0-A41C2019435E} = {18397431-727F-4081-A7E0-A41C2019435E}
	EndProjectSection
EndProject
Project("{8BC9CEB8-8B4A-11D0-8D11-00A0C91BC942}") = "testXPath", "tests\testXPath\testXPath.vcproj", "{B193F790-6E52-4CA8-8CAD-62D9F4C82931}"
	ProjectSection(ProjectDependencies) = postProject
		{18397431-727F-4081-A7E0-A41C2019435E} = {18397431-727F-4081-A7E0-A41C2019435E}
	EndProjectSection
EndProject
Project("{8BC9CEB8-8B4A-11D0-8D11-00A0C91BC942}") = "xmlcatalog", "tests\xmlcatalog\xmlcatalog.vcproj", "{2D3869BA-DB71-4696-AE1C-1E3B2D7E0DC7}"
	ProjectSection(ProjectDependencies) = postProject
		{18397431-727F-4081-A7E0-A41C2019435E} = {18397431-727F-4081-A7E0-A41C2019435E}
	EndProjectSection
EndProject
Project("{8BC9CEB8-8B4A-11D0-8D11-00A0C91BC942}") = "xmllint", "tests\xmllint\xmllint.vcproj", "{D57C5A5C-54DB-4CBB-93D2-B9022751CC2A}"
	ProjectSection(ProjectDependencies) = postProject
		{18397431-727F-4081-A7E0-A41C2019435E} = {18397431-727F-4081-A7E0-A41C2019435E}
	EndProjectSection
EndProject
Global
	GlobalSection(SolutionConfigurationPlatforms) = preSolution
		Debug|Win32 = Debug|Win32
		Debug|x64 = Debug|x64
		Release|Win32 = Release|Win32
		Release|x64 = Release|x64
	EndGlobalSection
	GlobalSection(ProjectConfigurationPlatforms) = postSolution
		{18397431-727F-4081-A7E0-A41C2019435E}.Debug|Win32.ActiveCfg = Debug|Win32
		{18397431-727F-4081-A7E0-A41C2019435E}.Debug|Win32.Build.0 = Debug|Win32
		{18397431-727F-4081-A7E0-A41C2019435E}.Debug|x64.ActiveCfg = Debug|x64
		{18397431-727F-4081-A7E0-A41C2019435E}.Debug|x64.Build.0 = Debug|x64
		{18397431-727F-4081-A7E0-A41C2019435E}.Release|Win32.ActiveCfg = Release|Win32
		{18397431-727F-4081-A7E0-A41C2019435E}.Release|Win32.Build.0 = Release|Win32
		{18397431-727F-4081-A7E0-A41C2019435E}.Release|x64.ActiveCfg = Release|x64
		{18397431-727F-4081-A7E0-A41C2019435E}.Release|x64.Build.0 = Release|x64
		{D04AEFF9-434D-482C-B900-040CC65833FF}.Debug|Win32.ActiveCfg = Debug|Win32
		{D04AEFF9-434D-482C-B900-040CC65833FF}.Debug|Win32.Build.0 = Debug|Win32
		{D04AEFF9-434D-482C-B900-040CC65833FF}.Debug|x64.ActiveCfg = Debug|x64
		{D04AEFF9-434D-482C-B900-040CC65833FF}.Debug|x64.Build.0 = Debug|x64
		{D04AEFF9-434D-482C-B900-040CC65833FF}.Release|Win32.ActiveCfg = Release|Win32
		{D04AEFF9-434D-482C-B900-040CC65833FF}.Release|Win32.Build.0 = Release|Win32
		{D04AEFF9-434D-482C-B900-040CC65833FF}.Release|x64.ActiveCfg = Release|x64
		{D04AEFF9-434D-482C-B900-040CC65833FF}.Release|x64.Build.0 = Release|x64
		{8A8D78A8-B79C-49C3-8BB4-F98A034A7950}.Debug|Win32.ActiveCfg = Debug|Win32
		{8A8D78A8-B79C-49C3-8BB4-F98A034A7950}.Debug|Win32.Build.0 = Debug|Win32
		{8A8D78A8-B79C-49C3-8BB4-F98A034A7950}.Debug|x64.ActiveCfg = Debug|x64
		{8A8D78A8-B79C-49C3-8BB4-F98A034A7950}.Debug|x64.Build.0 = Debug|x64
		{8A8D78A8-B79C-49C3-8BB4-F98A034A7950}.Release|Win32.ActiveCfg = Release|Win32
		{8A8D78A8-B79C-49C3-8BB4-F98A034A7950}.Release|Win32.Build.0 = Release|Win32
		{8A8D78A8-B79C-49C3-8BB4-F98A034A7950}.Release|x64.ActiveCfg = Release|x64
		{8A8D78A8-B79C-49C3-8BB4-F98A034A7950}.Release|x64.Build.0 = Release|x64
		{58998B68-394A-43A9-8709-878B75187283}.Debug|Win32.ActiveCfg = Debug|Win32
		{58998B68-394A-43A9-8709-878B75187283}.Debug|Win32.Build.0 = Debug|Win32
		{58998B68-394A-43A9-8709-878B75187283}.Debug|x64.ActiveCfg = Debug|x64
		{58998B68-394A-43A9-8709-878B75187283}.Debug|x64.Build.0 = Debug|x64
		{58998B68-394A-43A9-8709-878B75187283}.Release|Win32.ActiveCfg = Release|Win32
		{58998B68-394A-43A9-8709-878B75187283}.Release|Win32.Build.0 = Release|Win32
		{58998B68-394A-43A9-8709-878B75187283}.Release|x64.ActiveCfg = Release|x64
		{58998B68-394A-43A9-8709-878B75187283}.Release|x64.Build.0 = Release|x64
		{FA8878FA-F1AD-4872-845C-BF789180AFFE}.Debug|Win32.ActiveCfg = Debug|Win32
		{FA8878FA-F1AD-4872-845C-BF789180AFFE}.Debug|Win32.Build.0 = Debug|Win32
		{FA8878FA-F1AD-4872-845C-BF789180AFFE}.Debug|x64.ActiveCfg = Debug|x64
		{FA8878FA-F1AD-4872-845C-BF789180AFFE}.Debug|x64.Build.0 = Debug|x64
		{FA8878FA-F1AD-4872-845C-BF789180AFFE}.Release|Win32.ActiveCfg = Release|Win32
		{FA8878FA-F1AD-4872-845C-BF789180AFFE}.Release|Win32.Build.0 = Release|Win32
		{FA8878FA-F1AD-4872-845C-BF789180AFFE}.Release|x64.ActiveCfg = Release|x64
		{FA8878FA-F1AD-4872-845C-BF789180AFFE}.Release|x64.Build.0 = Release|x64
		{D3F2DE32-0AB1-4FC8-8E67-CDF9DA39885A}.Debug|Win32.ActiveCfg = Debug|Win32
		{D3F2DE32-0AB1-4FC8-8E67-CDF9DA39885A}.Debug|Win32.Build.0 = Debug|Win32
		{D3F2DE32-0AB1-4FC8-8E67-CDF9DA39885A}.Debug|x64.ActiveCfg = Debug|x64
		{D3F2DE32-0AB1-4FC8-8E67-CDF9DA39885A}.Debug|x64.Build.0 = Debug|x64
		{D3F2DE32-0AB1-4FC8-8E67-CDF9DA39885A}.Release|Win32.ActiveCfg = Release|Win32
		{D3F2DE32-0AB1-4FC8-8E67-CDF9DA39885A}.Release|Win32.Build.0 = Release|Win32
		{D3F2DE32-0AB1-4FC8-8E67-CDF9DA39885A}.Release|x64.ActiveCfg = Release|x64
		{D3F2DE32-0AB1-4FC8-8E67-CDF9DA39885A}.Release|x64.Build.0 = Release|x64
		{08BF3998-F96C-411E-9BA8-1485060B97BC}.Debug|Win32.ActiveCfg = Debug|Win32
		{08BF3998-F96C-411E-9BA8-1485060B97BC}.Debug|Win32.Build.0 = Debug|Win32
		{08BF3998-F96C-411E-9BA8-1485060B97BC}.Debug|x64.ActiveCfg = Debug|x64
		{08BF3998-F96C-411E-9BA8-1485060B97BC}.Debug|x64.Build.0 = Debug|x64
		{08BF3998-F96C-411E-9BA8-1485060B97BC}.Release|Win32.ActiveCfg = Release|Win32
		{08BF3998-F96C-411E-9BA8-1485060B97BC}.Release|Win32.Build.0 = Release|Win32
		{08BF3998-F96C-411E-9BA8-1485060B97BC}.Release|x64.ActiveCfg = Release|x64
		{08BF3998-F96C-411E-9BA8-1485060B97BC}.Release|x64.Build.0 = Release|x64
		{38EF7E8C-924C-41F6-9BA6-B1783BA273C0}.Debug|Win32.ActiveCfg = Debug|Win32
		{38EF7E8C-924C-41F6-9BA6-B1783BA273C0}.Debug|Win32.Build.0 = Debug|Win32
		{38EF7E8C-924C-41F6-9BA6-B1783BA273C0}.Debug|x64.ActiveCfg = Debug|x64
		{38EF7E8C-924C-41F6-9BA6-B1783BA273C0}.Debug|x64.Build.0 = Debug|x64
		{38EF7E8C-924C-41F6-9BA6-B1783BA273C0}.Release|Win32.ActiveCfg = Release|Win32
		{38EF7E8C-924C-41F6-9BA6-B1783BA273C0}.Release|Win32.Build.0 = Release|Win32
		{38EF7E8C-924C-41F6-9BA6-B1783BA273C0}.Release|x64.ActiveCfg = Release|x64
		{38EF7E8C-924C-41F6-9BA6-B1783BA273C0}.Release|x64.Build.0 = Release|x64
		{0D388C2A-BCC1-4D18-AACE-2ED2979C2657}.Debug|Win32.ActiveCfg = Debug|Win32
		{0D388C2A-BCC1-4D18-AACE-2ED2979C2657}.Debug|Win32.Build.0 = Debug|Win32
		{0D388C2A-BCC1-4D18-AACE-2ED2979C2657}.Debug|x64.ActiveCfg = Debug|x64
		{0D388C2A-BCC1-4D18-AACE-2ED2979C2657}.Debug|x64.Build.0 = Debug|x64
		{0D388C2A-BCC1-4D18-AACE-2ED2979C2657}.Release|Win32.ActiveCfg = Release|Win32
		{0D388C2A-BCC1-4D18-AACE-2ED2979C2657}.Release|Win32.Build.0 = Release|Win32
		{0D388C2A-BCC1-4D18-AACE-2ED2979C2657}.Release|x64.ActiveCfg = Release|x64
		{0D388C2A-BCC1-4D18-AACE-2ED2979C2657}.Release|x64.Build.0 = Release|x64
		{91B1AF11-53C0-4563-9BFE-47D3DD93D440}.Debug|Win32.ActiveCfg = Debug|Win32
		{91B1AF11-53C0-4563-9BFE-47D3DD93D440}.Debug|Win32.Build.0 = Debug|Win32
		{91B1AF11-53C0-4563-9BFE-47D3DD93D440}.Debug|x64.ActiveCfg = Debug|x64
		{91B1AF11-53C0-4563-9BFE-47D3DD93D440}.Debug|x64.Build.0 = Debug|x64
		{91B1AF11-53C0-4563-9BFE-47D3DD93D440}.Release|Win32.ActiveCfg = Release|Win32
		{91B1AF11-53C0-4563-9BFE-47D3DD93D440}.Release|Win32.Build.0 = Release|Win32
		{91B1AF11-53C0-4563-9BFE-47D3DD93D440}.Release|x64.ActiveCfg = Release|x64
		{91B1AF11-53C0-4563-9BFE-47D3DD93D440}.Release|x64.Build.0 = Release|x64
		{A4C385A6-02AF-426B-809B-27EB590CA50A}.Debug|Win32.ActiveCfg = Debug|Win32
		{A4C385A6-02AF-426B-809B-27EB590CA50A}.Debug|Win32.Build.0 = Debug|Win32
		{A4C385A6-02AF-426B-809B-27EB590CA50A}.Debug|x64.ActiveCfg = Debug|x64
		{A4C385A6-02AF-426B-809B-27EB590CA50A}.Debug|x64.Build.0 = Debug|x64
		{A4C385A6-02AF-426B-809B-27EB590CA50A}.Release|Win32.ActiveCfg = Release|Win32
		{A4C385A6-02AF-426B-809B-27EB590CA50A}.Release|Win32.Build.0 = Release|Win32
		{A4C385A6-02AF-426B-809B-27EB590CA50A}.Release|x64.ActiveCfg = Release|x64
		{A4C385A6-02AF-426B-809B-27EB590CA50A}.Release|x64.Build.0 = Release|x64
		{3AF32F2B-6541-4738-B780-A5D4141719B5}.Debug|Win32.ActiveCfg = Debug|Win32
		{3AF32F2B-6541-4738-B780-A5D4141719B5}.Debug|Win32.Build.0 = Debug|Win32
		{3AF32F2B-6541-4738-B780-A5D4141719B5}.Debug|x64.ActiveCfg = Debug|x64
		{3AF32F2B-6541-4738-B780-A5D4141719B5}.Debug|x64.Build.0 = Debug|x64
		{3AF32F2B-6541-4738-B780-A5D4141719B5}.Release|Win32.ActiveCfg = Release|Win32
		{3AF32F2B-6541-4738-B780-A5D4141719B5}.Release|Win32.Build.0 = Release|Win32
		{3AF32F2B-6541-4738-B780-A5D4141719B5}.Release|x64.ActiveCfg = Release|x64
		{3AF32F2B-6541-4738-B780-A5D4141719B5}.Release|x64.Build.0 = Release|x64
		{4578AC21-FED4-404F-9E08-8CE87FA08431}.Debug|Win32.ActiveCfg = Debug|Win32
		{4578AC21-FED4-404F-9E08-8CE87FA08431}.Debug|Win32.Build.0 = Debug|Win32
		{4578AC21-FED4-404F-9E08-8CE87FA08431}.Debug|x64.ActiveCfg = Debug|x64
		{4578AC21-FED4-404F-9E08-8CE87FA08431}.Debug|x64.Build.0 = Debug|x64
		{4578AC21-FED4-404F-9E08-8CE87FA08431}.Release|Win32.ActiveCfg = Release|Win32
		{4578AC21-FED4-404F-9E08-8CE87FA08431}.Release|Win32.Build.0 = Release|Win32
		{4578AC21-FED4-404F-9E08-8CE87FA08431}.Release|x64.ActiveCfg = Release|x64
		{4578AC21-FED4-404F-9E08-8CE87FA08431}.Release|x64.Build.0 = Release|x64
		{B31A6462-7B14-4E0C-B69B-DA97E60FA7AC}.Debug|Win32.ActiveCfg = Debug|Win32
		{B31A6462-7B14-4E0C-B69B-DA97E60FA7AC}.Debug|Win32.Build.0 = Debug|Win32
		{B31A6462-7B14-4E0C-B69B-DA97E60FA7AC}.Debug|x64.ActiveCfg = Debug|x64
		{B31A6462-7B14-4E0C-B69B-DA97E60FA7AC}.Debug|x64.Build.0 = Debug|x64
		{B31A6462-7B14-4E0C-B69B-DA97E60FA7AC}.Release|Win32.ActiveCfg = Release|Win32
		{B31A6462-7B14-4E0C-B69B-DA97E60FA7AC}.Release|Win32.Build.0 = Release|Win32
		{B31A6462-7B14-4E0C-B69B-DA97E60FA7AC}.Release|x64.ActiveCfg = Release|x64
		{B31A6462-7B14-4E0C-B69B-DA97E60FA7AC}.Release|x64.Build.0 = Release|x64
		{3B7474B0-7D59-493B-8041-4CD07474CF7C}.Debug|Win32.ActiveCfg = Debug|Win32
		{3B7474B0-7D59-493B-8041-4CD07474CF7C}.Debug|Win32.Build.0 = Debug|Win32
		{3B7474B0-7D59-493B-8041-4CD07474CF7C}.Debug|x64.ActiveCfg = Debug|x64
		{3B7474B0-7D59-493B-8041-4CD07474CF7C}.Debug|x64.Build.0 = Debug|x64
		{3B7474B0-7D59-493B-8041-4CD07474CF7C}.Release|Win32.ActiveCfg = Release|Win32
		{3B7474B0-7D59-493B-8041-4CD07474CF7C}.Release|Win32.Build.0 = Release|Win32
		{3B7474B0-7D59-493B-8041-4CD07474CF7C}.Release|x64.ActiveCfg = Release|x64
		{3B7474B0-7D59-493B-8041-4CD07474CF7C}.Release|x64.Build.0 = Release|x64
		{63C845DB-D49F-41F9-B9AA-40B44CD0BE14}.Debug|Win32.ActiveCfg = Debug|Win32
		{63C845DB-D49F-41F9-B9AA-40B44CD0BE14}.Debug|Win32.Build.0 = Debug|Win32
		{63C845DB-D49F-41F9-B9AA-40B44CD0BE14}.Debug|x64.ActiveCfg = Debug|x64
		{63C845DB-D49F-41F9-B9AA-40B44CD0BE14}.Debug|x64.Build.0 = Debug|x64
		{63C845DB-D49F-41F9-B9AA-40B44CD0BE14}.Release|Win32.ActiveCfg = Release|Win32
		{63C845DB-D49F-41F9-B9AA-40B44CD0BE14}.Release|Win32.Build.0 = Release|Win32
		{63C845DB-D49F-41F9-B9AA-40B44CD0BE14}.Release|x64.ActiveCfg = Release|x64
		{63C845DB-D49F-41F9-B9AA-40B44CD0BE14}.Release|x64.Build.0 = Release|x64
		{1532E4C8-B80F-4906-AFBA-67D045866C0F}.Debug|Win32.ActiveCfg = Debug|Win32
		{1532E4C8-B80F-4906-AFBA-67D045866C0F}.Debug|Win32.Build.0 = Debug|Win32
		{1532E4C8-B80F-4906-AFBA-67D045866C0F}.Debug|x64.ActiveCfg = Debug|x64
		{1532E4C8-B80F-4906-AFBA-67D045866C0F}.Debug|x64.Build.0 = Debug|x64
		{1532E4C8-B80F-4906-AFBA-67D045866C0F}.Release|Win32.ActiveCfg = Release|Win32
		{1532E4C8-B80F-4906-AFBA-67D045866C0F}.Release|Win32.Build.0 = Release|Win32
		{1532E4C8-B80F-4906-AFBA-67D045866C0F}.Release|x64.ActiveCfg = Release|x64
		{1532E4C8-B80F-4906-AFBA-67D045866C0F}.Release|x64.Build.0 = Release|x64
		{A1FDF23B-F8C0-407D-B9ED-933C5ACD5043}.Debug|Win32.ActiveCfg = Debug|Win32
		{A1FDF23B-F8C0-407D-B9ED-933C5ACD5043}.Debug|Win32.Build.0 = Debug|Win32
		{A1FDF23B-F8C0-407D-B9ED-933C5ACD5043}.Debug|x64.ActiveCfg = Debug|x64
		{A1FDF23B-F8C0-407D-B9ED-933C5ACD5043}.Debug|x64.Build.0 = Debug|x64
		{A1FDF23B-F8C0-407D-B9ED-933C5ACD5043}.Release|Win32.ActiveCfg = Release|Win32
		{A1FDF23B-F8C0-407D-B9ED-933C5ACD5043}.Release|Win32.Build.0 = Release|Win32
		{A1FDF23B-F8C0-407D-B9ED-933C5ACD5043}.Release|x64.ActiveCfg = Release|x64
		{A1FDF23B-F8C0-407D-B9ED-933C5ACD5043}.Release|x64.Build.0 = Release|x64
		{FFD0492B-E2BA-486B-A712-5E57AF0E751E}.Debug|Win32.ActiveCfg = Debug|Win32
		{FFD0492B-E2BA-486B-A712-5E57AF0E751E}.Debug|Win32.Build.0 = Debug|Win32
		{FFD0492B-E2BA-486B-A712-5E57AF0E751E}.Debug|x64.ActiveCfg = Debug|x64
		{FFD0492B-E2BA-486B-A712-5E57AF0E751E}.Debug|x64.Build.0 = Debug|x64
		{FFD0492B-E2BA-486B-A712-5E57AF0E751E}.Release|Win32.ActiveCfg = Release|Win32
		{FFD0492B-E2BA-486B-A712-5E57AF0E751E}.Release|Win32.Build.0 = Release|Win32
		{FFD0492B-E2BA-486B-A712-5E57AF0E751E}.Release|x64.ActiveCfg = Release|x64
		{FFD0492B-E2BA-486B-A712-5E57AF0E751E}.Release|x64.Build.0 = Release|x64
		{B193F790-6E52-4CA8-8CAD-62D9F4C82931}.Debug|Win32.ActiveCfg = Debug|Win32
		{B193F790-6E52-4CA8-8CAD-62D9F4C82931}.Debug|Win32.Build.0 = Debug|Win32
		{B193F790-6E52-4CA8-8CAD-62D9F4C82931}.Debug|x64.ActiveCfg = Debug|x64
		{B193F790-6E52-4CA8-8CAD-62D9F4C82931}.Debug|x64.Build.0 = Debug|x64
		{B193F790-6E52-4CA8-8CAD-62D9F4C82931}.Release|Win32.ActiveCfg = Release|Win32
		{B193F790-6E52-4CA8-8CAD-62D9F4C82931}.Release|Win32.Build.0 = Release|Win32
		{B193F790-6E52-4CA8-8CAD-62D9F4C82931}.Release|x64.ActiveCfg = Release|x64
		{B193F790-6E52-4CA8-8CAD-62D9F4C82931}.Release|x64.Build.0 = Release|x64
		{2D3869BA-DB71-4696-AE1C-1E3B2D7E0DC7}.Debug|Win32.ActiveCfg = Debug|Win32
		{2D3869BA-DB71-4696-AE1C-1E3B2D7E0DC7}.Debug|Win32.Build.0 = Debug|Win32
		{2D3869BA-DB71-4696-AE1C-1E3B2D7E0DC7}.Debug|x64.ActiveCfg = Debug|x64
		{2D3869BA-DB71-4696-AE1C-1E3B2D7E0DC7}.Debug|x64.Build.0 = Debug|x64
		{2D3869BA-DB71-4696-AE1C-1E3B2D7E0DC7}.Release|Win32.ActiveCfg = Release|Win32
		{2D3869BA-DB71-4696-AE1C-1E3B2D7E0DC7}.Release|Win32.Build.0 = Release|Win32
		{2D3869BA-DB71-4696-AE1C-1E3B2D7E0DC7}.Release|x64.ActiveCfg = Release|x64
		{2D3869BA-DB71-4696-AE1C-1E3B2D7E0DC7}.Release|x64.Build.0 = Release|x64
		{D57C5A5C-54DB-4CBB-93D2-B9022751CC2A}.Debug|Win32.ActiveCfg = Debug|Win32
		{D57C5A5C-54DB-4CBB-93D2-B9022751CC2A}.Debug|Win32.Build.0 = Debug|Win32
		{D57C5A5C-54DB-4CBB-93D2-B9022751CC2A}.Debug|x64.ActiveCfg = Debug|x64
		{D57C5A5C-54DB-4CBB-93D2-B9022751CC2A}.Debug|x64.Build.0 = Debug|x64
		{D57C5A5C-54DB-4CBB-93D2-B9022751CC2A}.Release|Win32.ActiveCfg = Release|Win32
		{D57C5A5C-54DB-4CBB-93D2-B9022751CC2A}.Release|Win32.Build.0 = Release|Win32
		{D57C5A5C-54DB-4CBB-93D2-B9022751CC2A}.Release|x64.ActiveCfg = Release|x64
		{D57C5A5C-54DB-4CBB-93D2-B9022751CC2A}.Release|x64.Build.0 = Release|x64
	EndGlobalSection
	GlobalSection(SolutionProperties) = preSolution
		HideSolutionNode = FALSE
	EndGlobalSection
	GlobalSection(NestedProjects) = preSolution
		{58998B68-394A-43A9-8709-878B75187283} = {2852A29E-A52C-45B0-ADAB-D71F72BC7747}
		{FA8878FA-F1AD-4872-845C-BF789180AFFE} = {2852A29E-A52C-45B0-ADAB-D71F72BC7747}
		{D3F2DE32-0AB1-4FC8-8E67-CDF9DA39885A} = {2852A29E-A52C-45B0-ADAB-D71F72BC7747}
		{08BF3998-F96C-411E-9BA8-1485060B97BC} = {2852A29E-A52C-45B0-ADAB-D71F72BC7747}
		{38EF7E8C-924C-41F6-9BA6-B1783BA273C0} = {2852A29E-A52C-45B0-ADAB-D71F72BC7747}
		{0D388C2A-BCC1-4D18-AACE-2ED2979C2657} = {2852A29E-A52C-45B0-ADAB-D71F72BC7747}
		{91B1AF11-53C0-4563-9BFE-47D3DD93D440} = {2852A29E-A52C-45B0-ADAB-D71F72BC7747}
		{A4C385A6-02AF-426B-809B-27EB590CA50A} = {2852A29E-A52C-45B0-ADAB-D71F72BC7747}
		{3AF32F2B-6541-4738-B780-A5D4141719B5} = {2852A29E-A52C-45B0-ADAB-D71F72BC7747}
		{4578AC21-FED4-404F-9E08-8CE87FA08431} = {2852A29E-A52C-45B0-ADAB-D71F72BC7747}
		{B31A6462-7B14-4E0C-B69B-DA97E60FA7AC} = {2852A29E-A52C-45B0-ADAB-D71F72BC7747}
		{3B7474B0-7D59-493B-8041-4CD07474CF7C} = {2852A29E-A52C-45B0-ADAB-D71F72BC7747}
		{63C845DB-D49F-41F9-B9AA-40B44CD0BE14} = {2852A29E-A52C-45B0-ADAB-D71F72BC7747}
		{1532E4C8-B80F-4906-AFBA-67D045866C0F} = {2852A29E-A52C-45B0-ADAB-D71F72BC7747}
		{A1FDF23B-F8C0-407D-B9ED-933C5ACD5043} = {2852A29E-A52C-45B0-ADAB-D71F72BC7747}
		{FFD0492B-E2BA-486B-A712-5E57AF0E751E} = {2852A29E-A52C-45B0-ADAB-D71F72BC7747}
		{B193F790-6E52-4CA8-8CAD-62D9F4C82931} = {2852A29E-A52C-45B0-ADAB-D71F72BC7747}
		{2D3869BA-DB71-4696-AE1C-1E3B2D7E0DC7} = {2852A29E-A52C-45B0-ADAB-D71F72BC7747}
		{D57C5A5C-54DB-4CBB-93D2-B9022751CC2A} = {2852A29E-A52C-45B0-ADAB-D71F72BC7747}
	EndGlobalSection
EndGlobal
