
Microsoft Visual Studio Solution File, Format Version 12.00
# Visual Studio 14
VisualStudioVersion = 14.0.25420.1
MinimumVisualStudioVersion = 10.0.40219.1
Project("{8BC9CEB8-8B4A-11D0-8D11-00A0C91BC942}") = "libxml2", "libxml2\libxml2.vcxproj", "{512C3CCF-59F0-4FDC-84DA-3E1012C746C2}"
EndProject
Project("{8BC9CEB8-8B4A-11D0-8D11-00A0C91BC942}") = "libxml2-static", "libxml2-static\libxml2-static.vcxproj", "{8EEE40E4-037A-4DC5-B598-F9381F7372E6}"
EndProject
Project("{8BC9CEB8-8B4A-11D0-8D11-00A0C91BC942}") = "libxml2-static-for-dll", "libxml2-static-for-dll\libxml2-static-for-dll.vcxproj", "{16F213C7-A5E0-4285-B5C4-2A4323EBFC94}"
EndProject
Project("{2150E333-8FDC-42A3-9474-1A3956D46DE8}") = "tests", "tests", "{07A4A438-150A-4418-BE87-8716DD741D00}"
EndProject
Project("{8BC9CEB8-8B4A-11D0-8D11-00A0C91BC942}") = "runsuite", "tests\runsuite\runsuite.vcxproj", "{77B38494-1C84-4112-A33A-9FCC82B3C836}"
	ProjectSection(ProjectDependencies) = postProject
		{512C3CCF-59F0-4FDC-84DA-3E1012C746C2} = {512C3CCF-59F0-4FDC-84DA-3E1012C746C2}
	EndProjectSection
EndProject
Project("{8BC9CEB8-8B4A-11D0-8D11-00A0C91BC942}") = "runtest", "tests\runtest\runtest.vcxproj", "{1287BB8E-2781-4A5C-9463-F6FA8CB12A2D}"
	ProjectSection(ProjectDependencies) = postProject
		{512C3CCF-59F0-4FDC-84DA-3E1012C746C2} = {512C3CCF-59F0-4FDC-84DA-3E1012C746C2}
	EndProjectSection
EndProject
Project("{8BC9CEB8-8B4A-11D0-8D11-00A0C91BC942}") = "testapi", "tests\testapi\testapi.vcxproj", "{B1B069CE-3B6E-4F58-90E1-210CEFC79386}"
	ProjectSection(ProjectDependencies) = postProject
		{512C3CCF-59F0-4FDC-84DA-3E1012C746C2} = {512C3CCF-59F0-4FDC-84DA-3E1012C746C2}
	EndProjectSection
EndProject
Project("{8BC9CEB8-8B4A-11D0-8D11-00A0C91BC942}") = "testAutomata", "tests\testAutomata\testAutomata.vcxproj", "{F4729E78-1749-47FA-9B3D-BF5932C90143}"
	ProjectSection(ProjectDependencies) = postProject
		{512C3CCF-59F0-4FDC-84DA-3E1012C746C2} = {512C3CCF-59F0-4FDC-84DA-3E1012C746C2}
	EndProjectSection
EndProject
Project("{8BC9CEB8-8B4A-11D0-8D11-00A0C91BC942}") = "testC14N", "tests\testC14N\testC14N.vcxproj", "{EA9BF754-5611-40E3-A3E2-2D1CF392784D}"
	ProjectSection(ProjectDependencies) = postProject
		{512C3CCF-59F0-4FDC-84DA-3E1012C746C2} = {512C3CCF-59F0-4FDC-84DA-3E1012C746C2}
	EndProjectSection
EndProject
Project("{8BC9CEB8-8B4A-11D0-8D11-00A0C91BC942}") = "testHTML", "tests\testHTML\testHTML.vcxproj", "{1A7915F5-4F96-4254-9E3F-96E542D449D8}"
	ProjectSection(ProjectDependencies) = postProject
		{512C3CCF-59F0-4FDC-84DA-3E1012C746C2} = {512C3CCF-59F0-4FDC-84DA-3E1012C746C2}
	EndProjectSection
EndProject
Project("{8BC9CEB8-8B4A-11D0-8D11-00A0C91BC942}") = "testlimits", "tests\testlimits\testlimits.vcxproj", "{4B4EBCA9-CD17-4885-9AF2-CBFDF9F30FC6}"
	ProjectSection(ProjectDependencies) = postProject
		{512C3CCF-59F0-4FDC-84DA-3E1012C746C2} = {512C3CCF-59F0-4FDC-84DA-3E1012C746C2}
	EndProjectSection
EndProject
Project("{8BC9CEB8-8B4A-11D0-8D11-00A0C91BC942}") = "testModule", "tests\testModule\testModule.vcxproj", "{6626DE41-433C-4D15-9E74-0527D1703E54}"
	ProjectSection(ProjectDependencies) = postProject
		{512C3CCF-59F0-4FDC-84DA-3E1012C746C2} = {512C3CCF-59F0-4FDC-84DA-3E1012C746C2}
	EndProjectSection
EndProject
Project("{8BC9CEB8-8B4A-11D0-8D11-00A0C91BC942}") = "testReader", "tests\testReader\testReader.vcxproj", "{A756879B-5868-435D-BEF8-A955E1249A4C}"
	ProjectSection(ProjectDependencies) = postProject
		{512C3CCF-59F0-4FDC-84DA-3E1012C746C2} = {512C3CCF-59F0-4FDC-84DA-3E1012C746C2}
	EndProjectSection
EndProject
Project("{8BC9CEB8-8B4A-11D0-8D11-00A0C91BC942}") = "testrecurse", "tests\testrecurse\testrecurse.vcxproj", "{8097D24E-0A0A-4DC1-9CFB-4E63E88DAAC3}"
	ProjectSection(ProjectDependencies) = postProject
		{512C3CCF-59F0-4FDC-84DA-3E1012C746C2} = {512C3CCF-59F0-4FDC-84DA-3E1012C746C2}
	EndProjectSection
EndProject
Project("{8BC9CEB8-8B4A-11D0-8D11-00A0C91BC942}") = "testRegexp", "tests\testRegexp\testRegexp.vcxproj", "{77F2D523-0F24-4B7B-99E8-0A7098A88DF0}"
	ProjectSection(ProjectDependencies) = postProject
		{512C3CCF-59F0-4FDC-84DA-3E1012C746C2} = {512C3CCF-59F0-4FDC-84DA-3E1012C746C2}
	EndProjectSection
EndProject
Project("{8BC9CEB8-8B4A-11D0-8D11-00A0C91BC942}") = "testRelax", "tests\testRelax\testRelax.vcxproj", "{941E7AFA-DA52-4501-8F1A-FAFA79820CB5}"
	ProjectSection(ProjectDependencies) = postProject
		{512C3CCF-59F0-4FDC-84DA-3E1012C746C2} = {512C3CCF-59F0-4FDC-84DA-3E1012C746C2}
	EndProjectSection
EndProject
Project("{8BC9CEB8-8B4A-11D0-8D11-00A0C91BC942}") = "testSAX", "tests\testSAX\testSAX.vcxproj", "{B31DF825-C192-41D4-B874-1177B559C8DD}"
	ProjectSection(ProjectDependencies) = postProject
		{512C3CCF-59F0-4FDC-84DA-3E1012C746C2} = {512C3CCF-59F0-4FDC-84DA-3E1012C746C2}
	EndProjectSection
EndProject
Project("{8BC9CEB8-8B4A-11D0-8D11-00A0C91BC942}") = "testSchemas", "tests\testSchemas\testSchemas.vcxproj", "{4679B296-9259-4C88-8F6F-7A0E6783CABD}"
	ProjectSection(ProjectDependencies) = postProject
		{512C3CCF-59F0-4FDC-84DA-3E1012C746C2} = {512C3CCF-59F0-4FDC-84DA-3E1012C746C2}
	EndProjectSection
EndProject
Project("{8BC9CEB8-8B4A-11D0-8D11-00A0C91BC942}") = "testThreadsWin32", "tests\testThreadsWin32\testThreadsWin32.vcxproj", "{DED990B0-A6C8-4255-B848-23F5746F4735}"
	ProjectSection(ProjectDependencies) = postProject
		{512C3CCF-59F0-4FDC-84DA-3E1012C746C2} = {512C3CCF-59F0-4FDC-84DA-3E1012C746C2}
	EndProjectSection
EndProject
Project("{8BC9CEB8-8B4A-11D0-8D11-00A0C91BC942}") = "testURI", "tests\testURI\testURI.vcxproj", "{C9D8BD92-BE0F-4ADE-9E59-C6A4C39B6BBD}"
	ProjectSection(ProjectDependencies) = postProject
		{512C3CCF-59F0-4FDC-84DA-3E1012C746C2} = {512C3CCF-59F0-4FDC-84DA-3E1012C746C2}
	EndProjectSection
EndProject
Project("{8BC9CEB8-8B4A-11D0-8D11-00A0C91BC942}") = "testXPath", "tests\testXPath\testXPath.vcxproj", "{DD8C8FDA-BE89-49AB-AB7C-C44CD56D1252}"
	ProjectSection(ProjectDependencies) = postProject
		{512C3CCF-59F0-4FDC-84DA-3E1012C746C2} = {512C3CCF-59F0-4FDC-84DA-3E1012C746C2}
	EndProjectSection
EndProject
Project("{8BC9CEB8-8B4A-11D0-8D11-00A0C91BC942}") = "xmlcatalog", "tests\xmlcatalog\xmlcatalog.vcxproj", "{B876FB51-DF6A-4DEC-988D-B552B6D8B80F}"
	ProjectSection(ProjectDependencies) = postProject
		{512C3CCF-59F0-4FDC-84DA-3E1012C746C2} = {512C3CCF-59F0-4FDC-84DA-3E1012C746C2}
	EndProjectSection
EndProject
Project("{8BC9CEB8-8B4A-11D0-8D11-00A0C91BC942}") = "xmllint", "tests\xmllint\xmllint.vcxproj", "{1697B873-8C53-4EB8-9B7D-EB175D8AB6CF}"
	ProjectSection(ProjectDependencies) = postProject
		{512C3CCF-59F0-4FDC-84DA-3E1012C746C2} = {512C3CCF-59F0-4FDC-84DA-3E1012C746C2}
	EndProjectSection
EndProject
Project("{8BC9CEB8-8B4A-11D0-8D11-00A0C91BC942}") = "testchar", "tests\testchar\testchar.vcxproj", "{A4F3E673-8D7F-4925-85DE-D3E63F0338BB}"
	ProjectSection(ProjectDependencies) = postProject
		{512C3CCF-59F0-4FDC-84DA-3E1012C746C2} = {512C3CCF-59F0-4FDC-84DA-3E1012C746C2}
	EndProjectSection
EndProject
Project("{8BC9CEB8-8B4A-11D0-8D11-00A0C91BC942}") = "testdict", "tests\testdict\testdict.vcxproj", "{DD38D871-78AC-4475-B9EF-CC4B249F589C}"
	ProjectSection(ProjectDependencies) = postProject
		{512C3CCF-59F0-4FDC-84DA-3E1012C746C2} = {512C3CCF-59F0-4FDC-84DA-3E1012C746C2}
	EndProjectSection
EndProject
Project("{8BC9CEB8-8B4A-11D0-8D11-00A0C91BC942}") = "runxmlconf", "tests\runxmlconf\runxmlconf.vcxproj", "{AB7A1A80-AF0C-4CD1-82C8-BADE11996550}"
	ProjectSection(ProjectDependencies) = postProject
		{512C3CCF-59F0-4FDC-84DA-3E1012C746C2} = {512C3CCF-59F0-4FDC-84DA-3E1012C746C2}
	EndProjectSection
EndProject
Global
	GlobalSection(SolutionConfigurationPlatforms) = preSolution
		Debug|Win32 = Debug|Win32
		Debug|x64 = Debug|x64
		Release|Win32 = Release|Win32
		Release|x64 = Release|x64
	EndGlobalSection
	GlobalSection(ProjectConfigurationPlatforms) = postSolution
		{512C3CCF-59F0-4FDC-84DA-3E1012C746C2}.Debug|Win32.ActiveCfg = Debug|Win32
		{512C3CCF-59F0-4FDC-84DA-3E1012C746C2}.Debug|Win32.Build.0 = Debug|Win32
		{512C3CCF-59F0-4FDC-84DA-3E1012C746C2}.Debug|x64.ActiveCfg = Debug|x64
		{512C3CCF-59F0-4FDC-84DA-3E1012C746C2}.Debug|x64.Build.0 = Debug|x64
		{512C3CCF-59F0-4FDC-84DA-3E1012C746C2}.Release|Win32.ActiveCfg = Release|Win32
		{512C3CCF-59F0-4FDC-84DA-3E1012C746C2}.Release|Win32.Build.0 = Release|Win32
		{512C3CCF-59F0-4FDC-84DA-3E1012C746C2}.Release|x64.ActiveCfg = Release|x64
		{512C3CCF-59F0-4FDC-84DA-3E1012C746C2}.Release|x64.Build.0 = Release|x64
		{8EEE40E4-037A-4DC5-B598-F9381F7372E6}.Debug|Win32.ActiveCfg = Debug|Win32
		{8EEE40E4-037A-4DC5-B598-F9381F7372E6}.Debug|Win32.Build.0 = Debug|Win32
		{8EEE40E4-037A-4DC5-B598-F9381F7372E6}.Debug|x64.ActiveCfg = Debug|x64
		{8EEE40E4-037A-4DC5-B598-F9381F7372E6}.Debug|x64.Build.0 = Debug|x64
		{8EEE40E4-037A-4DC5-B598-F9381F7372E6}.Release|Win32.ActiveCfg = Release|Win32
		{8EEE40E4-037A-4DC5-B598-F9381F7372E6}.Release|Win32.Build.0 = Release|Win32
		{8EEE40E4-037A-4DC5-B598-F9381F7372E6}.Release|x64.ActiveCfg = Release|x64
		{8EEE40E4-037A-4DC5-B598-F9381F7372E6}.Release|x64.Build.0 = Release|x64
		{16F213C7-A5E0-4285-B5C4-2A4323EBFC94}.Debug|Win32.ActiveCfg = Debug|Win32
		{16F213C7-A5E0-4285-B5C4-2A4323EBFC94}.Debug|Win32.Build.0 = Debug|Win32
		{16F213C7-A5E0-4285-B5C4-2A4323EBFC94}.Debug|x64.ActiveCfg = Debug|x64
		{16F213C7-A5E0-4285-B5C4-2A4323EBFC94}.Debug|x64.Build.0 = Debug|x64
		{16F213C7-A5E0-4285-B5C4-2A4323EBFC94}.Release|Win32.ActiveCfg = Release|Win32
		{16F213C7-A5E0-4285-B5C4-2A4323EBFC94}.Release|Win32.Build.0 = Release|Win32
		{16F213C7-A5E0-4285-B5C4-2A4323EBFC94}.Release|x64.ActiveCfg = Release|x64
		{16F213C7-A5E0-4285-B5C4-2A4323EBFC94}.Release|x64.Build.0 = Release|x64
		{77B38494-1C84-4112-A33A-9FCC82B3C836}.Debug|Win32.ActiveCfg = Debug|Win32
		{77B38494-1C84-4112-A33A-9FCC82B3C836}.Debug|Win32.Build.0 = Debug|Win32
		{77B38494-1C84-4112-A33A-9FCC82B3C836}.Debug|x64.ActiveCfg = Debug|x64
		{77B38494-1C84-4112-A33A-9FCC82B3C836}.Debug|x64.Build.0 = Debug|x64
		{77B38494-1C84-4112-A33A-9FCC82B3C836}.Release|Win32.ActiveCfg = Release|Win32
		{77B38494-1C84-4112-A33A-9FCC82B3C836}.Release|Win32.Build.0 = Release|Win32
		{77B38494-1C84-4112-A33A-9FCC82B3C836}.Release|x64.ActiveCfg = Release|x64
		{77B38494-1C84-4112-A33A-9FCC82B3C836}.Release|x64.Build.0 = Release|x64
		{1287BB8E-2781-4A5C-9463-F6FA8CB12A2D}.Debug|Win32.ActiveCfg = Debug|Win32
		{1287BB8E-2781-4A5C-9463-F6FA8CB12A2D}.Debug|Win32.Build.0 = Debug|Win32
		{1287BB8E-2781-4A5C-9463-F6FA8CB12A2D}.Debug|x64.ActiveCfg = Debug|x64
		{1287BB8E-2781-4A5C-9463-F6FA8CB12A2D}.Debug|x64.Build.0 = Debug|x64
		{1287BB8E-2781-4A5C-9463-F6FA8CB12A2D}.Release|Win32.ActiveCfg = Release|Win32
		{1287BB8E-2781-4A5C-9463-F6FA8CB12A2D}.Release|Win32.Build.0 = Release|Win32
		{1287BB8E-2781-4A5C-9463-F6FA8CB12A2D}.Release|x64.ActiveCfg = Release|x64
		{1287BB8E-2781-4A5C-9463-F6FA8CB12A2D}.Release|x64.Build.0 = Release|x64
		{B1B069CE-3B6E-4F58-90E1-210CEFC79386}.Debug|Win32.ActiveCfg = Debug|Win32
		{B1B069CE-3B6E-4F58-90E1-210CEFC79386}.Debug|Win32.Build.0 = Debug|Win32
		{B1B069CE-3B6E-4F58-90E1-210CEFC79386}.Debug|x64.ActiveCfg = Debug|x64
		{B1B069CE-3B6E-4F58-90E1-210CEFC79386}.Debug|x64.Build.0 = Debug|x64
		{B1B069CE-3B6E-4F58-90E1-210CEFC79386}.Release|Win32.ActiveCfg = Release|Win32
		{B1B069CE-3B6E-4F58-90E1-210CEFC79386}.Release|Win32.Build.0 = Release|Win32
		{B1B069CE-3B6E-4F58-90E1-210CEFC79386}.Release|x64.ActiveCfg = Release|x64
		{B1B069CE-3B6E-4F58-90E1-210CEFC79386}.Release|x64.Build.0 = Release|x64
		{F4729E78-1749-47FA-9B3D-BF5932C90143}.Debug|Win32.ActiveCfg = Debug|Win32
		{F4729E78-1749-47FA-9B3D-BF5932C90143}.Debug|Win32.Build.0 = Debug|Win32
		{F4729E78-1749-47FA-9B3D-BF5932C90143}.Debug|x64.ActiveCfg = Debug|x64
		{F4729E78-1749-47FA-9B3D-BF5932C90143}.Debug|x64.Build.0 = Debug|x64
		{F4729E78-1749-47FA-9B3D-BF5932C90143}.Release|Win32.ActiveCfg = Release|Win32
		{F4729E78-1749-47FA-9B3D-BF5932C90143}.Release|Win32.Build.0 = Release|Win32
		{F4729E78-1749-47FA-9B3D-BF5932C90143}.Release|x64.ActiveCfg = Release|x64
		{F4729E78-1749-47FA-9B3D-BF5932C90143}.Release|x64.Build.0 = Release|x64
		{EA9BF754-5611-40E3-A3E2-2D1CF392784D}.Debug|Win32.ActiveCfg = Debug|Win32
		{EA9BF754-5611-40E3-A3E2-2D1CF392784D}.Debug|Win32.Build.0 = Debug|Win32
		{EA9BF754-5611-40E3-A3E2-2D1CF392784D}.Debug|x64.ActiveCfg = Debug|x64
		{EA9BF754-5611-40E3-A3E2-2D1CF392784D}.Debug|x64.Build.0 = Debug|x64
		{EA9BF754-5611-40E3-A3E2-2D1CF392784D}.Release|Win32.ActiveCfg = Release|Win32
		{EA9BF754-5611-40E3-A3E2-2D1CF392784D}.Release|Win32.Build.0 = Release|Win32
		{EA9BF754-5611-40E3-A3E2-2D1CF392784D}.Release|x64.ActiveCfg = Release|x64
		{EA9BF754-5611-40E3-A3E2-2D1CF392784D}.Release|x64.Build.0 = Release|x64
		{1A7915F5-4F96-4254-9E3F-96E542D449D8}.Debug|Win32.ActiveCfg = Debug|Win32
		{1A7915F5-4F96-4254-9E3F-96E542D449D8}.Debug|Win32.Build.0 = Debug|Win32
		{1A7915F5-4F96-4254-9E3F-96E542D449D8}.Debug|x64.ActiveCfg = Debug|x64
		{1A7915F5-4F96-4254-9E3F-96E542D449D8}.Debug|x64.Build.0 = Debug|x64
		{1A7915F5-4F96-4254-9E3F-96E542D449D8}.Release|Win32.ActiveCfg = Release|Win32
		{1A7915F5-4F96-4254-9E3F-96E542D449D8}.Release|Win32.Build.0 = Release|Win32
		{1A7915F5-4F96-4254-9E3F-96E542D449D8}.Release|x64.ActiveCfg = Release|x64
		{1A7915F5-4F96-4254-9E3F-96E542D449D8}.Release|x64.Build.0 = Release|x64
		{4B4EBCA9-CD17-4885-9AF2-CBFDF9F30FC6}.Debug|Win32.ActiveCfg = Debug|Win32
		{4B4EBCA9-CD17-4885-9AF2-CBFDF9F30FC6}.Debug|Win32.Build.0 = Debug|Win32
		{4B4EBCA9-CD17-4885-9AF2-CBFDF9F30FC6}.Debug|x64.ActiveCfg = Debug|x64
		{4B4EBCA9-CD17-4885-9AF2-CBFDF9F30FC6}.Debug|x64.Build.0 = Debug|x64
		{4B4EBCA9-CD17-4885-9AF2-CBFDF9F30FC6}.Release|Win32.ActiveCfg = Release|Win32
		{4B4EBCA9-CD17-4885-9AF2-CBFDF9F30FC6}.Release|Win32.Build.0 = Release|Win32
		{4B4EBCA9-CD17-4885-9AF2-CBFDF9F30FC6}.Release|x64.ActiveCfg = Release|x64
		{4B4EBCA9-CD17-4885-9AF2-CBFDF9F30FC6}.Release|x64.Build.0 = Release|x64
		{6626DE41-433C-4D15-9E74-0527D1703E54}.Debug|Win32.ActiveCfg = Debug|Win32
		{6626DE41-433C-4D15-9E74-0527D1703E54}.Debug|Win32.Build.0 = Debug|Win32
		{6626DE41-433C-4D15-9E74-0527D1703E54}.Debug|x64.ActiveCfg = Debug|x64
		{6626DE41-433C-4D15-9E74-0527D1703E54}.Debug|x64.Build.0 = Debug|x64
		{6626DE41-433C-4D15-9E74-0527D1703E54}.Release|Win32.ActiveCfg = Release|Win32
		{6626DE41-433C-4D15-9E74-0527D1703E54}.Release|Win32.Build.0 = Release|Win32
		{6626DE41-433C-4D15-9E74-0527D1703E54}.Release|x64.ActiveCfg = Release|x64
		{6626DE41-433C-4D15-9E74-0527D1703E54}.Release|x64.Build.0 = Release|x64
		{A756879B-5868-435D-BEF8-A955E1249A4C}.Debug|Win32.ActiveCfg = Debug|Win32
		{A756879B-5868-435D-BEF8-A955E1249A4C}.Debug|Win32.Build.0 = Debug|Win32
		{A756879B-5868-435D-BEF8-A955E1249A4C}.Debug|x64.ActiveCfg = Debug|x64
		{A756879B-5868-435D-BEF8-A955E1249A4C}.Debug|x64.Build.0 = Debug|x64
		{A756879B-5868-435D-BEF8-A955E1249A4C}.Release|Win32.ActiveCfg = Release|Win32
		{A756879B-5868-435D-BEF8-A955E1249A4C}.Release|Win32.Build.0 = Release|Win32
		{A756879B-5868-435D-BEF8-A955E1249A4C}.Release|x64.ActiveCfg = Release|x64
		{A756879B-5868-435D-BEF8-A955E1249A4C}.Release|x64.Build.0 = Release|x64
		{8097D24E-0A0A-4DC1-9CFB-4E63E88DAAC3}.Debug|Win32.ActiveCfg = Debug|Win32
		{8097D24E-0A0A-4DC1-9CFB-4E63E88DAAC3}.Debug|Win32.Build.0 = Debug|Win32
		{8097D24E-0A0A-4DC1-9CFB-4E63E88DAAC3}.Debug|x64.ActiveCfg = Debug|x64
		{8097D24E-0A0A-4DC1-9CFB-4E63E88DAAC3}.Debug|x64.Build.0 = Debug|x64
		{8097D24E-0A0A-4DC1-9CFB-4E63E88DAAC3}.Release|Win32.ActiveCfg = Release|Win32
		{8097D24E-0A0A-4DC1-9CFB-4E63E88DAAC3}.Release|Win32.Build.0 = Release|Win32
		{8097D24E-0A0A-4DC1-9CFB-4E63E88DAAC3}.Release|x64.ActiveCfg = Release|x64
		{8097D24E-0A0A-4DC1-9CFB-4E63E88DAAC3}.Release|x64.Build.0 = Release|x64
		{77F2D523-0F24-4B7B-99E8-0A7098A88DF0}.Debug|Win32.ActiveCfg = Debug|Win32
		{77F2D523-0F24-4B7B-99E8-0A7098A88DF0}.Debug|Win32.Build.0 = Debug|Win32
		{77F2D523-0F24-4B7B-99E8-0A7098A88DF0}.Debug|x64.ActiveCfg = Debug|x64
		{77F2D523-0F24-4B7B-99E8-0A7098A88DF0}.Debug|x64.Build.0 = Debug|x64
		{77F2D523-0F24-4B7B-99E8-0A7098A88DF0}.Release|Win32.ActiveCfg = Release|Win32
		{77F2D523-0F24-4B7B-99E8-0A7098A88DF0}.Release|Win32.Build.0 = Release|Win32
		{77F2D523-0F24-4B7B-99E8-0A7098A88DF0}.Release|x64.ActiveCfg = Release|x64
		{77F2D523-0F24-4B7B-99E8-0A7098A88DF0}.Release|x64.Build.0 = Release|x64
		{941E7AFA-DA52-4501-8F1A-FAFA79820CB5}.Debug|Win32.ActiveCfg = Debug|Win32
		{941E7AFA-DA52-4501-8F1A-FAFA79820CB5}.Debug|Win32.Build.0 = Debug|Win32
		{941E7AFA-DA52-4501-8F1A-FAFA79820CB5}.Debug|x64.ActiveCfg = Debug|x64
		{941E7AFA-DA52-4501-8F1A-FAFA79820CB5}.Debug|x64.Build.0 = Debug|x64
		{941E7AFA-DA52-4501-8F1A-FAFA79820CB5}.Release|Win32.ActiveCfg = Release|Win32
		{941E7AFA-DA52-4501-8F1A-FAFA79820CB5}.Release|Win32.Build.0 = Release|Win32
		{941E7AFA-DA52-4501-8F1A-FAFA79820CB5}.Release|x64.ActiveCfg = Release|x64
		{941E7AFA-DA52-4501-8F1A-FAFA79820CB5}.Release|x64.Build.0 = Release|x64
		{B31DF825-C192-41D4-B874-1177B559C8DD}.Debug|Win32.ActiveCfg = Debug|Win32
		{B31DF825-C192-41D4-B874-1177B559C8DD}.Debug|Win32.Build.0 = Debug|Win32
		{B31DF825-C192-41D4-B874-1177B559C8DD}.Debug|x64.ActiveCfg = Debug|x64
		{B31DF825-C192-41D4-B874-1177B559C8DD}.Debug|x64.Build.0 = Debug|x64
		{B31DF825-C192-41D4-B874-1177B559C8DD}.Release|Win32.ActiveCfg = Release|Win32
		{B31DF825-C192-41D4-B874-1177B559C8DD}.Release|Win32.Build.0 = Release|Win32
		{B31DF825-C192-41D4-B874-1177B559C8DD}.Release|x64.ActiveCfg = Release|x64
		{B31DF825-C192-41D4-B874-1177B559C8DD}.Release|x64.Build.0 = Release|x64
		{4679B296-9259-4C88-8F6F-7A0E6783CABD}.Debug|Win32.ActiveCfg = Debug|Win32
		{4679B296-9259-4C88-8F6F-7A0E6783CABD}.Debug|Win32.Build.0 = Debug|Win32
		{4679B296-9259-4C88-8F6F-7A0E6783CABD}.Debug|x64.ActiveCfg = Debug|x64
		{4679B296-9259-4C88-8F6F-7A0E6783CABD}.Debug|x64.Build.0 = Debug|x64
		{4679B296-9259-4C88-8F6F-7A0E6783CABD}.Release|Win32.ActiveCfg = Release|Win32
		{4679B296-9259-4C88-8F6F-7A0E6783CABD}.Release|Win32.Build.0 = Release|Win32
		{4679B296-9259-4C88-8F6F-7A0E6783CABD}.Release|x64.ActiveCfg = Release|x64
		{4679B296-9259-4C88-8F6F-7A0E6783CABD}.Release|x64.Build.0 = Release|x64
		{DED990B0-A6C8-4255-B848-23F5746F4735}.Debug|Win32.ActiveCfg = Debug|Win32
		{DED990B0-A6C8-4255-B848-23F5746F4735}.Debug|Win32.Build.0 = Debug|Win32
		{DED990B0-A6C8-4255-B848-23F5746F4735}.Debug|x64.ActiveCfg = Debug|x64
		{DED990B0-A6C8-4255-B848-23F5746F4735}.Debug|x64.Build.0 = Debug|x64
		{DED990B0-A6C8-4255-B848-23F5746F4735}.Release|Win32.ActiveCfg = Release|Win32
		{DED990B0-A6C8-4255-B848-23F5746F4735}.Release|Win32.Build.0 = Release|Win32
		{DED990B0-A6C8-4255-B848-23F5746F4735}.Release|x64.ActiveCfg = Release|x64
		{DED990B0-A6C8-4255-B848-23F5746F4735}.Release|x64.Build.0 = Release|x64
		{C9D8BD92-BE0F-4ADE-9E59-C6A4C39B6BBD}.Debug|Win32.ActiveCfg = Debug|Win32
		{C9D8BD92-BE0F-4ADE-9E59-C6A4C39B6BBD}.Debug|Win32.Build.0 = Debug|Win32
		{C9D8BD92-BE0F-4ADE-9E59-C6A4C39B6BBD}.Debug|x64.ActiveCfg = Debug|x64
		{C9D8BD92-BE0F-4ADE-9E59-C6A4C39B6BBD}.Debug|x64.Build.0 = Debug|x64
		{C9D8BD92-BE0F-4ADE-9E59-C6A4C39B6BBD}.Release|Win32.ActiveCfg = Release|Win32
		{C9D8BD92-BE0F-4ADE-9E59-C6A4C39B6BBD}.Release|Win32.Build.0 = Release|Win32
		{C9D8BD92-BE0F-4ADE-9E59-C6A4C39B6BBD}.Release|x64.ActiveCfg = Release|x64
		{C9D8BD92-BE0F-4ADE-9E59-C6A4C39B6BBD}.Release|x64.Build.0 = Release|x64
		{DD8C8FDA-BE89-49AB-AB7C-C44CD56D1252}.Debug|Win32.ActiveCfg = Debug|Win32
		{DD8C8FDA-BE89-49AB-AB7C-C44CD56D1252}.Debug|Win32.Build.0 = Debug|Win32
		{DD8C8FDA-BE89-49AB-AB7C-C44CD56D1252}.Debug|x64.ActiveCfg = Debug|x64
		{DD8C8FDA-BE89-49AB-AB7C-C44CD56D1252}.Debug|x64.Build.0 = Debug|x64
		{DD8C8FDA-BE89-49AB-AB7C-C44CD56D1252}.Release|Win32.ActiveCfg = Release|Win32
		{DD8C8FDA-BE89-49AB-AB7C-C44CD56D1252}.Release|Win32.Build.0 = Release|Win32
		{DD8C8FDA-BE89-49AB-AB7C-C44CD56D1252}.Release|x64.ActiveCfg = Release|x64
		{DD8C8FDA-BE89-49AB-AB7C-C44CD56D1252}.Release|x64.Build.0 = Release|x64
		{B876FB51-DF6A-4DEC-988D-B552B6D8B80F}.Debug|Win32.ActiveCfg = Debug|Win32
		{B876FB51-DF6A-4DEC-988D-B552B6D8B80F}.Debug|Win32.Build.0 = Debug|Win32
		{B876FB51-DF6A-4DEC-988D-B552B6D8B80F}.Debug|x64.ActiveCfg = Debug|x64
		{B876FB51-DF6A-4DEC-988D-B552B6D8B80F}.Debug|x64.Build.0 = Debug|x64
		{B876FB51-DF6A-4DEC-988D-B552B6D8B80F}.Release|Win32.ActiveCfg = Release|Win32
		{B876FB51-DF6A-4DEC-988D-B552B6D8B80F}.Release|Win32.Build.0 = Release|Win32
		{B876FB51-DF6A-4DEC-988D-B552B6D8B80F}.Release|x64.ActiveCfg = Release|x64
		{B876FB51-DF6A-4DEC-988D-B552B6D8B80F}.Release|x64.Build.0 = Release|x64
		{1697B873-8C53-4EB8-9B7D-EB175D8AB6CF}.Debug|Win32.ActiveCfg = Debug|Win32
		{1697B873-8C53-4EB8-9B7D-EB175D8AB6CF}.Debug|Win32.Build.0 = Debug|Win32
		{1697B873-8C53-4EB8-9B7D-EB175D8AB6CF}.Debug|x64.ActiveCfg = Debug|x64
		{1697B873-8C53-4EB8-9B7D-EB175D8AB6CF}.Debug|x64.Build.0 = Debug|x64
		{1697B873-8C53-4EB8-9B7D-EB175D8AB6CF}.Release|Win32.ActiveCfg = Release|Win32
		{1697B873-8C53-4EB8-9B7D-EB175D8AB6CF}.Release|Win32.Build.0 = Release|Win32
		{1697B873-8C53-4EB8-9B7D-EB175D8AB6CF}.Release|x64.ActiveCfg = Release|x64
		{1697B873-8C53-4EB8-9B7D-EB175D8AB6CF}.Release|x64.Build.0 = Release|x64
		{A4F3E673-8D7F-4925-85DE-D3E63F0338BB}.Debug|Win32.ActiveCfg = Debug|Win32
		{A4F3E673-8D7F-4925-85DE-D3E63F0338BB}.Debug|Win32.Build.0 = Debug|Win32
		{A4F3E673-8D7F-4925-85DE-D3E63F0338BB}.Debug|x64.ActiveCfg = Debug|x64
		{A4F3E673-8D7F-4925-85DE-D3E63F0338BB}.Debug|x64.Build.0 = Debug|x64
		{A4F3E673-8D7F-4925-85DE-D3E63F0338BB}.Release|Win32.ActiveCfg = Release|Win32
		{A4F3E673-8D7F-4925-85DE-D3E63F0338BB}.Release|Win32.Build.0 = Release|Win32
		{A4F3E673-8D7F-4925-85DE-D3E63F0338BB}.Release|x64.ActiveCfg = Release|x64
		{A4F3E673-8D7F-4925-85DE-D3E63F0338BB}.Release|x64.Build.0 = Release|x64
		{DD38D871-78AC-4475-B9EF-CC4B249F589C}.Debug|Win32.ActiveCfg = Debug|Win32
		{DD38D871-78AC-4475-B9EF-CC4B249F589C}.Debug|Win32.Build.0 = Debug|Win32
		{DD38D871-78AC-4475-B9EF-CC4B249F589C}.Debug|x64.ActiveCfg = Debug|x64
		{DD38D871-78AC-4475-B9EF-CC4B249F589C}.Debug|x64.Build.0 = Debug|x64
		{DD38D871-78AC-4475-B9EF-CC4B249F589C}.Release|Win32.ActiveCfg = Release|Win32
		{DD38D871-78AC-4475-B9EF-CC4B249F589C}.Release|Win32.Build.0 = Release|Win32
		{DD38D871-78AC-4475-B9EF-CC4B249F589C}.Release|x64.ActiveCfg = Release|x64
		{DD38D871-78AC-4475-B9EF-CC4B249F589C}.Release|x64.Build.0 = Release|x64
		{AB7A1A80-AF0C-4CD1-82C8-BADE11996550}.Debug|Win32.ActiveCfg = Debug|Win32
		{AB7A1A80-AF0C-4CD1-82C8-BADE11996550}.Debug|Win32.Build.0 = Debug|Win32
		{AB7A1A80-AF0C-4CD1-82C8-BADE11996550}.Debug|x64.ActiveCfg = Debug|x64
		{AB7A1A80-AF0C-4CD1-82C8-BADE11996550}.Debug|x64.Build.0 = Debug|x64
		{AB7A1A80-AF0C-4CD1-82C8-BADE11996550}.Release|Win32.ActiveCfg = Release|Win32
		{AB7A1A80-AF0C-4CD1-82C8-BADE11996550}.Release|Win32.Build.0 = Release|Win32
		{AB7A1A80-AF0C-4CD1-82C8-BADE11996550}.Release|x64.ActiveCfg = Release|x64
		{AB7A1A80-AF0C-4CD1-82C8-BADE11996550}.Release|x64.Build.0 = Release|x64
	EndGlobalSection
	GlobalSection(SolutionProperties) = preSolution
		HideSolutionNode = FALSE
	EndGlobalSection
	GlobalSection(NestedProjects) = preSolution
		{77B38494-1C84-4112-A33A-9FCC82B3C836} = {07A4A438-150A-4418-BE87-8716DD741D00}
		{1287BB8E-2781-4A5C-9463-F6FA8CB12A2D} = {07A4A438-150A-4418-BE87-8716DD741D00}
		{B1B069CE-3B6E-4F58-90E1-210CEFC79386} = {07A4A438-150A-4418-BE87-8716DD741D00}
		{F4729E78-1749-47FA-9B3D-BF5932C90143} = {07A4A438-150A-4418-BE87-8716DD741D00}
		{EA9BF754-5611-40E3-A3E2-2D1CF392784D} = {07A4A438-150A-4418-BE87-8716DD741D00}
		{1A7915F5-4F96-4254-9E3F-96E542D449D8} = {07A4A438-150A-4418-BE87-8716DD741D00}
		{4B4EBCA9-CD17-4885-9AF2-CBFDF9F30FC6} = {07A4A438-150A-4418-BE87-8716DD741D00}
		{6626DE41-433C-4D15-9E74-0527D1703E54} = {07A4A438-150A-4418-BE87-8716DD741D00}
		{A756879B-5868-435D-BEF8-A955E1249A4C} = {07A4A438-150A-4418-BE87-8716DD741D00}
		{8097D24E-0A0A-4DC1-9CFB-4E63E88DAAC3} = {07A4A438-150A-4418-BE87-8716DD741D00}
		{77F2D523-0F24-4B7B-99E8-0A7098A88DF0} = {07A4A438-150A-4418-BE87-8716DD741D00}
		{941E7AFA-DA52-4501-8F1A-FAFA79820CB5} = {07A4A438-150A-4418-BE87-8716DD741D00}
		{B31DF825-C192-41D4-B874-1177B559C8DD} = {07A4A438-150A-4418-BE87-8716DD741D00}
		{4679B296-9259-4C88-8F6F-7A0E6783CABD} = {07A4A438-150A-4418-BE87-8716DD741D00}
		{DED990B0-A6C8-4255-B848-23F5746F4735} = {07A4A438-150A-4418-BE87-8716DD741D00}
		{C9D8BD92-BE0F-4ADE-9E59-C6A4C39B6BBD} = {07A4A438-150A-4418-BE87-8716DD741D00}
		{DD8C8FDA-BE89-49AB-AB7C-C44CD56D1252} = {07A4A438-150A-4418-BE87-8716DD741D00}
		{B876FB51-DF6A-4DEC-988D-B552B6D8B80F} = {07A4A438-150A-4418-BE87-8716DD741D00}
		{1697B873-8C53-4EB8-9B7D-EB175D8AB6CF} = {07A4A438-150A-4418-BE87-8716DD741D00}
		{A4F3E673-8D7F-4925-85DE-D3E63F0338BB} = {07A4A438-150A-4418-BE87-8716DD741D00}
		{DD38D871-78AC-4475-B9EF-CC4B249F589C} = {07A4A438-150A-4418-BE87-8716DD741D00}
		{AB7A1A80-AF0C-4CD1-82C8-BADE11996550} = {07A4A438-150A-4418-BE87-8716DD741D00}
	EndGlobalSection
EndGlobal
